PODS:
  - JBChartView (2.8.10)
  - XYDoughnutChart (0.1.0)

DEPENDENCIES:
  - JBChartView (~> 2.8.9)
  - XYDoughnutChart (from `https://github.com/yasuoza/XYDoughnutChart.git`)

EXTERNAL SOURCES:
  XYDoughnutChart:
    :git: https://github.com/yasuoza/XYDoughnutChart.git

CHECKOUT OPTIONS:
  XYDoughnutChart:
    :commit: 5fe7b70f2c9eaee96f8db613173d836f5739591b
    :git: https://github.com/yasuoza/XYDoughnutChart.git

SPEC CHECKSUMS:
  JBChartView: 50b221ef68d0934f5aea417a369a5b02167848a9
  XYDoughnutChart: 06bb4122b6400956defef19c170f22194af756db

COCOAPODS: 0.35.0
