// !$*UTF8*$!
{
	archiveVersion = 1;
	classes = {
	};
	objectVersion = 46;
	objects = {

/* Begin PBXBuildFile section */
		A804D4D01A4AD63C00F22CFE /* JBChartFramework.framework in Frameworks */ = {isa = PBXBuildFile; fileRef = A804D4CC1A4AD62D00F22CFE /* JBChartFramework.framework */; };
		A804D4D11A4AD63C00F22CFE /* JBChartFramework.framework in Embed Frameworks */ = {isa = PBXBuildFile; fileRef = A804D4CC1A4AD62D00F22CFE /* JBChartFramework.framework */; settings = {ATTRIBUTES = (CodeSignOnCopy, RemoveHeadersOnCopy, ); }; };
		A804D4D21A4AD63C00F22CFE /* XYDoughnutChart.framework in Frameworks */ = {isa = PBXBuildFile; fileRef = A804D4CD1A4AD62D00F22CFE /* XYDoughnutChart.framework */; };
		A804D4D31A4AD63C00F22CFE /* XYDoughnutChart.framework in Embed Frameworks */ = {isa = PBXBuildFile; fileRef = A804D4CD1A4AD62D00F22CFE /* XYDoughnutChart.framework */; settings = {ATTRIBUTES = (CodeSignOnCopy, RemoveHeadersOnCopy, ); }; };
		A80748621A134417008ADC0A /* UIColor.swift in Sources */ = {isa = PBXBuildFile; fileRef = A80748611A134417008ADC0A /* UIColor.swift */; };
		A80D19C61A11CEDA0067A055 /* AppDelegate.swift in Sources */ = {isa = PBXBuildFile; fileRef = A80D19C51A11CEDA0067A055 /* AppDelegate.swift */; };
		A80D19CD1A11CEDA0067A055 /* Main.storyboard in Resources */ = {isa = PBXBuildFile; fileRef = A80D19CB1A11CEDA0067A055 /* Main.storyboard */; };
		A80D19CF1A11CEDA0067A055 /* Images.xcassets in Resources */ = {isa = PBXBuildFile; fileRef = A80D19CE1A11CEDA0067A055 /* Images.xcassets */; };
		A80D19D21A11CEDA0067A055 /* LaunchScreen.xib in Resources */ = {isa = PBXBuildFile; fileRef = A80D19D01A11CEDA0067A055 /* LaunchScreen.xib */; };
		A80D19DE1A11CEDA0067A055 /* graphPONTests.swift in Sources */ = {isa = PBXBuildFile; fileRef = A80D19DD1A11CEDA0067A055 /* graphPONTests.swift */; };
		A8341F951A147C6800B67594 /* ChartTooltipView.swift in Sources */ = {isa = PBXBuildFile; fileRef = A8341F941A147C6800B67594 /* ChartTooltipView.swift */; };
		A8341F971A14836500B67594 /* ChartTooltipTipView.swift in Sources */ = {isa = PBXBuildFile; fileRef = A8341F961A14836500B67594 /* ChartTooltipTipView.swift */; };
		A83612821A3EB7E300BB1B3F /* RatioChartViewController.swift in Sources */ = {isa = PBXBuildFile; fileRef = A83612811A3EB7E300BB1B3F /* RatioChartViewController.swift */; };
		A83612841A3EB9E100BB1B3F /* RatioChartContainerView.swift in Sources */ = {isa = PBXBuildFile; fileRef = A83612831A3EB9E100BB1B3F /* RatioChartContainerView.swift */; };
		A83F30EC1A2EF4AF00FE2D86 /* ChartInformationView.swift in Sources */ = {isa = PBXBuildFile; fileRef = A83F30EB1A2EF4AF00FE2D86 /* ChartInformationView.swift */; };
		A8409FB91A16F4A8007573EC /* ChartViewContainerView.swift in Sources */ = {isa = PBXBuildFile; fileRef = A8409FB81A16F4A8007573EC /* ChartViewContainerView.swift */; };
		A8549EFB1A2C6E9C000308AD /* PacketLog.swift in Sources */ = {isa = PBXBuildFile; fileRef = A8549EFA1A2C6E9C000308AD /* PacketLog.swift */; };
		A8549EFE1A2C6F12000308AD /* PacketInfoManager.swift in Sources */ = {isa = PBXBuildFile; fileRef = A8549EFD1A2C6F12000308AD /* PacketInfoManager.swift */; };
		A874C0AC1A4BDE7200887932 /* Alamofire.framework in Frameworks */ = {isa = PBXBuildFile; fileRef = A874C0AB1A4BDE7200887932 /* Alamofire.framework */; };
		A874C0AD1A4BDE7200887932 /* Alamofire.framework in Embed Frameworks */ = {isa = PBXBuildFile; fileRef = A874C0AB1A4BDE7200887932 /* Alamofire.framework */; settings = {ATTRIBUTES = (CodeSignOnCopy, RemoveHeadersOnCopy, ); }; };
		A8867A051A30333C001D8578 /* ExtendedNavBarView.swift in Sources */ = {isa = PBXBuildFile; fileRef = A8867A041A30333C001D8578 /* ExtendedNavBarView.swift */; };
		A8867A0C1A304E8B001D8578 /* HddServiceListTableViewController.swift in Sources */ = {isa = PBXBuildFile; fileRef = A8867A0B1A304E8B001D8578 /* HddServiceListTableViewController.swift */; };
		A8867A0F1A304EB0001D8578 /* HddServiceListTableViewControllerDelegate.swift in Sources */ = {isa = PBXBuildFile; fileRef = A8867A0E1A304EB0001D8578 /* HddServiceListTableViewControllerDelegate.swift */; };
		A88BB3701A2DDEA700E5AE4F /* HdoInfo.swift in Sources */ = {isa = PBXBuildFile; fileRef = A88BB36F1A2DDEA700E5AE4F /* HdoInfo.swift */; };
		A8B212B81A11ED68005988DC /* BaseLineChartViewController.swift in Sources */ = {isa = PBXBuildFile; fileRef = A8B212B71A11ED68005988DC /* BaseLineChartViewController.swift */; };
		A8B212BC1A11EEDC005988DC /* SummaryChartViewController.swift in Sources */ = {isa = PBXBuildFile; fileRef = A8B212BB1A11EEDC005988DC /* SummaryChartViewController.swift */; };
		A8B212C01A1204B2005988DC /* LineChartFooterView.swift in Sources */ = {isa = PBXBuildFile; fileRef = A8B212BF1A1204B2005988DC /* LineChartFooterView.swift */; };
		A8B39C391A41713E009F519E /* BaseChartViewController.swift in Sources */ = {isa = PBXBuildFile; fileRef = A8B39C381A41713E009F519E /* BaseChartViewController.swift */; };
		A8BC58B51A1DE4B2006CD44D /* DailyChartViewController.swift in Sources */ = {isa = PBXBuildFile; fileRef = A8BC58B41A1DE4B2006CD44D /* DailyChartViewController.swift */; };
/* End PBXBuildFile section */

/* Begin PBXContainerItemProxy section */
		A80D19D81A11CEDA0067A055 /* PBXContainerItemProxy */ = {
			isa = PBXContainerItemProxy;
			containerPortal = A80D19B81A11CEDA0067A055 /* Project object */;
			proxyType = 1;
			remoteGlobalIDString = A80D19BF1A11CEDA0067A055;
			remoteInfo = graphPON;
		};
/* End PBXContainerItemProxy section */

/* Begin PBXCopyFilesBuildPhase section */
		A84063231A484CFF0064A06A /* Embed Frameworks */ = {
			isa = PBXCopyFilesBuildPhase;
			buildActionMask = 2147483647;
			dstPath = "";
			dstSubfolderSpec = 10;
			files = (
				A804D4D31A4AD63C00F22CFE /* XYDoughnutChart.framework in Embed Frameworks */,
				A874C0AD1A4BDE7200887932 /* Alamofire.framework in Embed Frameworks */,
				A804D4D11A4AD63C00F22CFE /* JBChartFramework.framework in Embed Frameworks */,
			);
			name = "Embed Frameworks";
			runOnlyForDeploymentPostprocessing = 0;
		};
/* End PBXCopyFilesBuildPhase section */

/* Begin PBXFileReference section */
		A804D4CC1A4AD62D00F22CFE /* JBChartFramework.framework */ = {isa = PBXFileReference; lastKnownFileType = wrapper.framework; name = JBChartFramework.framework; path = Carthage/Build/iOS/JBChartFramework.framework; sourceTree = "<group>"; };
		A804D4CD1A4AD62D00F22CFE /* XYDoughnutChart.framework */ = {isa = PBXFileReference; lastKnownFileType = wrapper.framework; name = XYDoughnutChart.framework; path = Carthage/Build/iOS/XYDoughnutChart.framework; sourceTree = "<group>"; };
		A80748611A134417008ADC0A /* UIColor.swift */ = {isa = PBXFileReference; fileEncoding = 4; lastKnownFileType = sourcecode.swift; name = UIColor.swift; path = Extensions/UIColor.swift; sourceTree = "<group>"; };
		A80D19C01A11CEDA0067A055 /* graphPON.app */ = {isa = PBXFileReference; explicitFileType = wrapper.application; includeInIndex = 0; path = graphPON.app; sourceTree = BUILT_PRODUCTS_DIR; };
		A80D19C41A11CEDA0067A055 /* Info.plist */ = {isa = PBXFileReference; lastKnownFileType = text.plist.xml; path = Info.plist; sourceTree = "<group>"; };
		A80D19C51A11CEDA0067A055 /* AppDelegate.swift */ = {isa = PBXFileReference; lastKnownFileType = sourcecode.swift; path = AppDelegate.swift; sourceTree = "<group>"; };
		A80D19CC1A11CEDA0067A055 /* Base */ = {isa = PBXFileReference; lastKnownFileType = file.storyboard; name = Base; path = Base.lproj/Main.storyboard; sourceTree = "<group>"; };
		A80D19CE1A11CEDA0067A055 /* Images.xcassets */ = {isa = PBXFileReference; lastKnownFileType = folder.assetcatalog; path = Images.xcassets; sourceTree = "<group>"; };
		A80D19D11A11CEDA0067A055 /* Base */ = {isa = PBXFileReference; lastKnownFileType = file.xib; name = Base; path = Base.lproj/LaunchScreen.xib; sourceTree = "<group>"; };
		A80D19D71A11CEDA0067A055 /* graphPONTests.xctest */ = {isa = PBXFileReference; explicitFileType = wrapper.cfbundle; includeInIndex = 0; path = graphPONTests.xctest; sourceTree = BUILT_PRODUCTS_DIR; };
		A80D19DC1A11CEDA0067A055 /* Info.plist */ = {isa = PBXFileReference; lastKnownFileType = text.plist.xml; path = Info.plist; sourceTree = "<group>"; };
		A80D19DD1A11CEDA0067A055 /* graphPONTests.swift */ = {isa = PBXFileReference; lastKnownFileType = sourcecode.swift; path = graphPONTests.swift; sourceTree = "<group>"; };
		A8341F941A147C6800B67594 /* ChartTooltipView.swift */ = {isa = PBXFileReference; fileEncoding = 4; lastKnownFileType = sourcecode.swift; name = ChartTooltipView.swift; path = Views/ChartTooltipView.swift; sourceTree = "<group>"; };
		A8341F961A14836500B67594 /* ChartTooltipTipView.swift */ = {isa = PBXFileReference; fileEncoding = 4; lastKnownFileType = sourcecode.swift; name = ChartTooltipTipView.swift; path = Views/ChartTooltipTipView.swift; sourceTree = "<group>"; };
		A83612811A3EB7E300BB1B3F /* RatioChartViewController.swift */ = {isa = PBXFileReference; fileEncoding = 4; lastKnownFileType = sourcecode.swift; name = RatioChartViewController.swift; path = ViewControllers/RatioChartViewController.swift; sourceTree = "<group>"; };
		A83612831A3EB9E100BB1B3F /* RatioChartContainerView.swift */ = {isa = PBXFileReference; fileEncoding = 4; lastKnownFileType = sourcecode.swift; name = RatioChartContainerView.swift; path = Views/RatioChartContainerView.swift; sourceTree = "<group>"; };
		A83F30EB1A2EF4AF00FE2D86 /* ChartInformationView.swift */ = {isa = PBXFileReference; fileEncoding = 4; lastKnownFileType = sourcecode.swift; name = ChartInformationView.swift; path = Views/ChartInformationView.swift; sourceTree = "<group>"; };
		A8409FB81A16F4A8007573EC /* ChartViewContainerView.swift */ = {isa = PBXFileReference; fileEncoding = 4; lastKnownFileType = sourcecode.swift; name = ChartViewContainerView.swift; path = Views/ChartViewContainerView.swift; sourceTree = "<group>"; };
		A8549EFA1A2C6E9C000308AD /* PacketLog.swift */ = {isa = PBXFileReference; fileEncoding = 4; lastKnownFileType = sourcecode.swift; name = PacketLog.swift; path = Models/PacketLog.swift; sourceTree = "<group>"; };
		A8549EFD1A2C6F12000308AD /* PacketInfoManager.swift */ = {isa = PBXFileReference; fileEncoding = 4; lastKnownFileType = sourcecode.swift; name = PacketInfoManager.swift; path = Managers/PacketInfoManager.swift; sourceTree = "<group>"; };
		A874C0AB1A4BDE7200887932 /* Alamofire.framework */ = {isa = PBXFileReference; lastKnownFileType = wrapper.framework; name = Alamofire.framework; path = Carthage/Build/iOS/Alamofire.framework; sourceTree = "<group>"; };
		A8867A041A30333C001D8578 /* ExtendedNavBarView.swift */ = {isa = PBXFileReference; fileEncoding = 4; lastKnownFileType = sourcecode.swift; name = ExtendedNavBarView.swift; path = Views/ExtendedNavBarView.swift; sourceTree = "<group>"; };
		A8867A0B1A304E8B001D8578 /* HddServiceListTableViewController.swift */ = {isa = PBXFileReference; fileEncoding = 4; lastKnownFileType = sourcecode.swift; name = HddServiceListTableViewController.swift; path = ViewControllers/HddServiceListTableViewController.swift; sourceTree = "<group>"; };
		A8867A0E1A304EB0001D8578 /* HddServiceListTableViewControllerDelegate.swift */ = {isa = PBXFileReference; fileEncoding = 4; lastKnownFileType = sourcecode.swift; name = HddServiceListTableViewControllerDelegate.swift; path = Protocols/HddServiceListTableViewControllerDelegate.swift; sourceTree = "<group>"; };
		A88BB36F1A2DDEA700E5AE4F /* HdoInfo.swift */ = {isa = PBXFileReference; fileEncoding = 4; lastKnownFileType = sourcecode.swift; name = HdoInfo.swift; path = Models/HdoInfo.swift; sourceTree = "<group>"; };
		A8B212B71A11ED68005988DC /* BaseLineChartViewController.swift */ = {isa = PBXFileReference; fileEncoding = 4; lastKnownFileType = sourcecode.swift; name = BaseLineChartViewController.swift; path = ViewControllers/BaseLineChartViewController.swift; sourceTree = "<group>"; };
		A8B212BB1A11EEDC005988DC /* SummaryChartViewController.swift */ = {isa = PBXFileReference; fileEncoding = 4; lastKnownFileType = sourcecode.swift; name = SummaryChartViewController.swift; path = ViewControllers/SummaryChartViewController.swift; sourceTree = "<group>"; };
		A8B212BE1A11F04B005988DC /* graphPON-Bridging-Header.h */ = {isa = PBXFileReference; lastKnownFileType = sourcecode.c.h; name = "graphPON-Bridging-Header.h"; path = "Bridge-Headers/graphPON-Bridging-Header.h"; sourceTree = "<group>"; };
		A8B212BF1A1204B2005988DC /* LineChartFooterView.swift */ = {isa = PBXFileReference; fileEncoding = 4; lastKnownFileType = sourcecode.swift; name = LineChartFooterView.swift; path = Views/LineChartFooterView.swift; sourceTree = "<group>"; };
		A8B39C381A41713E009F519E /* BaseChartViewController.swift */ = {isa = PBXFileReference; fileEncoding = 4; lastKnownFileType = sourcecode.swift; name = BaseChartViewController.swift; path = ViewControllers/BaseChartViewController.swift; sourceTree = "<group>"; };
		A8BC58B41A1DE4B2006CD44D /* DailyChartViewController.swift */ = {isa = PBXFileReference; fileEncoding = 4; lastKnownFileType = sourcecode.swift; name = DailyChartViewController.swift; path = ViewControllers/DailyChartViewController.swift; sourceTree = "<group>"; };
/* End PBXFileReference section */

/* Begin PBXFrameworksBuildPhase section */
		A80D19BD1A11CEDA0067A055 /* Frameworks */ = {
			isa = PBXFrameworksBuildPhase;
			buildActionMask = 2147483647;
			files = (
				A804D4D21A4AD63C00F22CFE /* XYDoughnutChart.framework in Frameworks */,
				A874C0AC1A4BDE7200887932 /* Alamofire.framework in Frameworks */,
				A804D4D01A4AD63C00F22CFE /* JBChartFramework.framework in Frameworks */,
			);
			runOnlyForDeploymentPostprocessing = 0;
		};
		A80D19D41A11CEDA0067A055 /* Frameworks */ = {
			isa = PBXFrameworksBuildPhase;
			buildActionMask = 2147483647;
			files = (
			);
			runOnlyForDeploymentPostprocessing = 0;
		};
/* End PBXFrameworksBuildPhase section */

/* Begin PBXGroup section */
		A80748631A135617008ADC0A /* Extensions */ = {
			isa = PBXGroup;
			children = (
				A80748611A134417008ADC0A /* UIColor.swift */,
			);
			name = Extensions;
			sourceTree = "<group>";
		};
		A80D19B71A11CEDA0067A055 = {
			isa = PBXGroup;
			children = (
				A80D19C21A11CEDA0067A055 /* graphPON */,
				A80D19DA1A11CEDA0067A055 /* graphPONTests */,
				A80D19C11A11CEDA0067A055 /* Products */,
				F46B956D86CB6147453819A7 /* Frameworks */,
			);
			sourceTree = "<group>";
		};
		A80D19C11A11CEDA0067A055 /* Products */ = {
			isa = PBXGroup;
			children = (
				A80D19C01A11CEDA0067A055 /* graphPON.app */,
				A80D19D71A11CEDA0067A055 /* graphPONTests.xctest */,
			);
			name = Products;
			sourceTree = "<group>";
		};
		A80D19C21A11CEDA0067A055 /* graphPON */ = {
			isa = PBXGroup;
			children = (
				A80D19CE1A11CEDA0067A055 /* Images.xcassets */,
				A80D19C51A11CEDA0067A055 /* AppDelegate.swift */,
				A8867A0D1A304EA0001D8578 /* Protocols */,
				A8549EFC1A2C6EFC000308AD /* Managers */,
				A8549EF71A2C6E47000308AD /* Models */,
				A8B212BA1A11EEB6005988DC /* ViewControllers */,
				A80D19E71A11D0BF0067A055 /* Views */,
				A80D19C31A11CEDA0067A055 /* Supporting Files */,
			);
			path = graphPON;
			sourceTree = "<group>";
		};
		A80D19C31A11CEDA0067A055 /* Supporting Files */ = {
			isa = PBXGroup;
			children = (
				A80748631A135617008ADC0A /* Extensions */,
				A8B212BD1A11F028005988DC /* Bridge-Headers */,
				A80D19C41A11CEDA0067A055 /* Info.plist */,
			);
			name = "Supporting Files";
			sourceTree = "<group>";
		};
		A80D19DA1A11CEDA0067A055 /* graphPONTests */ = {
			isa = PBXGroup;
			children = (
				A80D19DD1A11CEDA0067A055 /* graphPONTests.swift */,
				A80D19DB1A11CEDA0067A055 /* Supporting Files */,
			);
			path = graphPONTests;
			sourceTree = "<group>";
		};
		A80D19DB1A11CEDA0067A055 /* Supporting Files */ = {
			isa = PBXGroup;
			children = (
				A80D19DC1A11CEDA0067A055 /* Info.plist */,
			);
			name = "Supporting Files";
			sourceTree = "<group>";
		};
		A80D19E71A11D0BF0067A055 /* Views */ = {
			isa = PBXGroup;
			children = (
				A80D19CB1A11CEDA0067A055 /* Main.storyboard */,
				A80D19D01A11CEDA0067A055 /* LaunchScreen.xib */,
				A8B212BF1A1204B2005988DC /* LineChartFooterView.swift */,
				A8341F941A147C6800B67594 /* ChartTooltipView.swift */,
				A8341F961A14836500B67594 /* ChartTooltipTipView.swift */,
				A8409FB81A16F4A8007573EC /* ChartViewContainerView.swift */,
				A83612831A3EB9E100BB1B3F /* RatioChartContainerView.swift */,
				A83F30EB1A2EF4AF00FE2D86 /* ChartInformationView.swift */,
				A8867A041A30333C001D8578 /* ExtendedNavBarView.swift */,
			);
			name = Views;
			sourceTree = "<group>";
		};
		A8549EF71A2C6E47000308AD /* Models */ = {
			isa = PBXGroup;
			children = (
				A8549EFA1A2C6E9C000308AD /* PacketLog.swift */,
				A88BB36F1A2DDEA700E5AE4F /* HdoInfo.swift */,
			);
			name = Models;
			sourceTree = "<group>";
		};
		A8549EFC1A2C6EFC000308AD /* Managers */ = {
			isa = PBXGroup;
			children = (
				A8549EFD1A2C6F12000308AD /* PacketInfoManager.swift */,
			);
			name = Managers;
			sourceTree = "<group>";
		};
		A8867A0D1A304EA0001D8578 /* Protocols */ = {
			isa = PBXGroup;
			children = (
				A8867A0E1A304EB0001D8578 /* HddServiceListTableViewControllerDelegate.swift */,
			);
			name = Protocols;
			sourceTree = "<group>";
		};
		A8B212B91A11EEAB005988DC /* CharViewController */ = {
			isa = PBXGroup;
			children = (
				A8B39C381A41713E009F519E /* BaseChartViewController.swift */,
				A8B212B71A11ED68005988DC /* BaseLineChartViewController.swift */,
				A8B212BB1A11EEDC005988DC /* SummaryChartViewController.swift */,
				A8BC58B41A1DE4B2006CD44D /* DailyChartViewController.swift */,
				A83612811A3EB7E300BB1B3F /* RatioChartViewController.swift */,
			);
			name = CharViewController;
			sourceTree = "<group>";
		};
		A8B212BA1A11EEB6005988DC /* ViewControllers */ = {
			isa = PBXGroup;
			children = (
				A8867A0B1A304E8B001D8578 /* HddServiceListTableViewController.swift */,
				A8B212B91A11EEAB005988DC /* CharViewController */,
			);
			name = ViewControllers;
			sourceTree = "<group>";
		};
		A8B212BD1A11F028005988DC /* Bridge-Headers */ = {
			isa = PBXGroup;
			children = (
				A8B212BE1A11F04B005988DC /* graphPON-Bridging-Header.h */,
			);
			name = "Bridge-Headers";
			sourceTree = "<group>";
		};
		F46B956D86CB6147453819A7 /* Frameworks */ = {
			isa = PBXGroup;
			children = (
				A874C0AB1A4BDE7200887932 /* Alamofire.framework */,
				A804D4CC1A4AD62D00F22CFE /* JBChartFramework.framework */,
				A804D4CD1A4AD62D00F22CFE /* XYDoughnutChart.framework */,
			);
			name = Frameworks;
			sourceTree = "<group>";
		};
/* End PBXGroup section */

/* Begin PBXNativeTarget section */
		A80D19BF1A11CEDA0067A055 /* graphPON */ = {
			isa = PBXNativeTarget;
			buildConfigurationList = A80D19E11A11CEDA0067A055 /* Build configuration list for PBXNativeTarget "graphPON" */;
			buildPhases = (
				A80D19BC1A11CEDA0067A055 /* Sources */,
				A80D19BD1A11CEDA0067A055 /* Frameworks */,
				A80D19BE1A11CEDA0067A055 /* Resources */,
				A84063231A484CFF0064A06A /* Embed Frameworks */,
			);
			buildRules = (
			);
			dependencies = (
			);
			name = graphPON;
			productName = graphPON;
			productReference = A80D19C01A11CEDA0067A055 /* graphPON.app */;
			productType = "com.apple.product-type.application";
		};
		A80D19D61A11CEDA0067A055 /* graphPONTests */ = {
			isa = PBXNativeTarget;
			buildConfigurationList = A80D19E41A11CEDA0067A055 /* Build configuration list for PBXNativeTarget "graphPONTests" */;
			buildPhases = (
				A80D19D31A11CEDA0067A055 /* Sources */,
				A80D19D41A11CEDA0067A055 /* Frameworks */,
				A80D19D51A11CEDA0067A055 /* Resources */,
			);
			buildRules = (
			);
			dependencies = (
				A80D19D91A11CEDA0067A055 /* PBXTargetDependency */,
			);
			name = graphPONTests;
			productName = graphPONTests;
			productReference = A80D19D71A11CEDA0067A055 /* graphPONTests.xctest */;
			productType = "com.apple.product-type.bundle.unit-test";
		};
/* End PBXNativeTarget section */

/* Begin PBXProject section */
		A80D19B81A11CEDA0067A055 /* Project object */ = {
			isa = PBXProject;
			attributes = {
				LastUpgradeCheck = 0610;
				ORGANIZATIONNAME = yasuoza.com;
				TargetAttributes = {
					A80D19BF1A11CEDA0067A055 = {
						CreatedOnToolsVersion = 6.1;
					};
					A80D19D61A11CEDA0067A055 = {
						CreatedOnToolsVersion = 6.1;
						TestTargetID = A80D19BF1A11CEDA0067A055;
					};
				};
			};
			buildConfigurationList = A80D19BB1A11CEDA0067A055 /* Build configuration list for PBXProject "graphPON" */;
			compatibilityVersion = "Xcode 3.2";
			developmentRegion = English;
			hasScannedForEncodings = 0;
			knownRegions = (
				en,
				Base,
			);
			mainGroup = A80D19B71A11CEDA0067A055;
			productRefGroup = A80D19C11A11CEDA0067A055 /* Products */;
			projectDirPath = "";
			projectRoot = "";
			targets = (
				A80D19BF1A11CEDA0067A055 /* graphPON */,
				A80D19D61A11CEDA0067A055 /* graphPONTests */,
			);
		};
/* End PBXProject section */

/* Begin PBXResourcesBuildPhase section */
		A80D19BE1A11CEDA0067A055 /* Resources */ = {
			isa = PBXResourcesBuildPhase;
			buildActionMask = 2147483647;
			files = (
				A80D19CD1A11CEDA0067A055 /* Main.storyboard in Resources */,
				A80D19D21A11CEDA0067A055 /* LaunchScreen.xib in Resources */,
				A80D19CF1A11CEDA0067A055 /* Images.xcassets in Resources */,
			);
			runOnlyForDeploymentPostprocessing = 0;
		};
		A80D19D51A11CEDA0067A055 /* Resources */ = {
			isa = PBXResourcesBuildPhase;
			buildActionMask = 2147483647;
			files = (
			);
			runOnlyForDeploymentPostprocessing = 0;
		};
/* End PBXResourcesBuildPhase section */

/* Begin PBXSourcesBuildPhase section */
		A80D19BC1A11CEDA0067A055 /* Sources */ = {
			isa = PBXSourcesBuildPhase;
			buildActionMask = 2147483647;
			files = (
				A8B212C01A1204B2005988DC /* LineChartFooterView.swift in Sources */,
				A83F30EC1A2EF4AF00FE2D86 /* ChartInformationView.swift in Sources */,
				A8341F951A147C6800B67594 /* ChartTooltipView.swift in Sources */,
				A8867A0C1A304E8B001D8578 /* HddServiceListTableViewController.swift in Sources */,
				A83612821A3EB7E300BB1B3F /* RatioChartViewController.swift in Sources */,
				A8BC58B51A1DE4B2006CD44D /* DailyChartViewController.swift in Sources */,
				A8549EFE1A2C6F12000308AD /* PacketInfoManager.swift in Sources */,
				A80748621A134417008ADC0A /* UIColor.swift in Sources */,
				A8549EFB1A2C6E9C000308AD /* PacketLog.swift in Sources */,
				A80D19C61A11CEDA0067A055 /* AppDelegate.swift in Sources */,
				A8867A0F1A304EB0001D8578 /* HddServiceListTableViewControllerDelegate.swift in Sources */,
				A8341F971A14836500B67594 /* ChartTooltipTipView.swift in Sources */,
				A8409FB91A16F4A8007573EC /* ChartViewContainerView.swift in Sources */,
				A83612841A3EB9E100BB1B3F /* RatioChartContainerView.swift in Sources */,
				A8B212BC1A11EEDC005988DC /* SummaryChartViewController.swift in Sources */,
				A8B39C391A41713E009F519E /* BaseChartViewController.swift in Sources */,
				A8B212B81A11ED68005988DC /* BaseLineChartViewController.swift in Sources */,
				A88BB3701A2DDEA700E5AE4F /* HdoInfo.swift in Sources */,
				A8867A051A30333C001D8578 /* ExtendedNavBarView.swift in Sources */,
			);
			runOnlyForDeploymentPostprocessing = 0;
		};
		A80D19D31A11CEDA0067A055 /* Sources */ = {
			isa = PBXSourcesBuildPhase;
			buildActionMask = 2147483647;
			files = (
				A80D19DE1A11CEDA0067A055 /* graphPONTests.swift in Sources */,
			);
			runOnlyForDeploymentPostprocessing = 0;
		};
/* End PBXSourcesBuildPhase section */

/* Begin PBXTargetDependency section */
		A80D19D91A11CEDA0067A055 /* PBXTargetDependency */ = {
			isa = PBXTargetDependency;
			target = A80D19BF1A11CEDA0067A055 /* graphPON */;
			targetProxy = A80D19D81A11CEDA0067A055 /* PBXContainerItemProxy */;
		};
/* End PBXTargetDependency section */

/* Begin PBXVariantGroup section */
		A80D19CB1A11CEDA0067A055 /* Main.storyboard */ = {
			isa = PBXVariantGroup;
			children = (
				A80D19CC1A11CEDA0067A055 /* Base */,
			);
			name = Main.storyboard;
			sourceTree = "<group>";
		};
		A80D19D01A11CEDA0067A055 /* LaunchScreen.xib */ = {
			isa = PBXVariantGroup;
			children = (
				A80D19D11A11CEDA0067A055 /* Base */,
			);
			name = LaunchScreen.xib;
			sourceTree = "<group>";
		};
/* End PBXVariantGroup section */

/* Begin XCBuildConfiguration section */
		A80D19DF1A11CEDA0067A055 /* Debug */ = {
			isa = XCBuildConfiguration;
			buildSettings = {
				ALWAYS_SEARCH_USER_PATHS = NO;
				CLANG_CXX_LANGUAGE_STANDARD = "gnu++0x";
				CLANG_CXX_LIBRARY = "libc++";
				CLANG_ENABLE_MODULES = YES;
				CLANG_ENABLE_OBJC_ARC = YES;
				CLANG_WARN_BOOL_CONVERSION = YES;
				CLANG_WARN_CONSTANT_CONVERSION = YES;
				CLANG_WARN_DIRECT_OBJC_ISA_USAGE = YES_ERROR;
				CLANG_WARN_EMPTY_BODY = YES;
				CLANG_WARN_ENUM_CONVERSION = YES;
				CLANG_WARN_INT_CONVERSION = YES;
				CLANG_WARN_OBJC_ROOT_CLASS = YES_ERROR;
				CLANG_WARN_UNREACHABLE_CODE = YES;
				CLANG_WARN__DUPLICATE_METHOD_MATCH = YES;
				"CODE_SIGN_IDENTITY[sdk=iphoneos*]" = "iPhone Developer";
				COPY_PHASE_STRIP = NO;
				ENABLE_STRICT_OBJC_MSGSEND = YES;
				GCC_C_LANGUAGE_STANDARD = gnu99;
				GCC_DYNAMIC_NO_PIC = NO;
				GCC_OPTIMIZATION_LEVEL = 0;
				GCC_PREPROCESSOR_DEFINITIONS = (
					"DEBUG=1",
					"$(inherited)",
				);
				GCC_SYMBOLS_PRIVATE_EXTERN = NO;
				GCC_WARN_64_TO_32_BIT_CONVERSION = YES;
				GCC_WARN_ABOUT_RETURN_TYPE = YES_ERROR;
				GCC_WARN_UNDECLARED_SELECTOR = YES;
				GCC_WARN_UNINITIALIZED_AUTOS = YES_AGGRESSIVE;
				GCC_WARN_UNUSED_FUNCTION = YES;
				GCC_WARN_UNUSED_VARIABLE = YES;
				HEADER_SEARCH_PATHS = (
					"$(PROJECT_DIR)/Vendor/**",
					"$(inherited)",
					/Applications/Xcode.app/Contents/Developer/Toolchains/XcodeDefault.xctoolchain/usr/include,
				);
				IPHONEOS_DEPLOYMENT_TARGET = 8.1;
				MTL_ENABLE_DEBUG_INFO = YES;
				ONLY_ACTIVE_ARCH = YES;
				SDKROOT = iphoneos;
				SWIFT_OPTIMIZATION_LEVEL = "-Onone";
				TARGETED_DEVICE_FAMILY = "1,2";
			};
			name = Debug;
		};
		A80D19E01A11CEDA0067A055 /* Release */ = {
			isa = XCBuildConfiguration;
			buildSettings = {
				ALWAYS_SEARCH_USER_PATHS = NO;
				CLANG_CXX_LANGUAGE_STANDARD = "gnu++0x";
				CLANG_CXX_LIBRARY = "libc++";
				CLANG_ENABLE_MODULES = YES;
				CLANG_ENABLE_OBJC_ARC = YES;
				CLANG_WARN_BOOL_CONVERSION = YES;
				CLANG_WARN_CONSTANT_CONVERSION = YES;
				CLANG_WARN_DIRECT_OBJC_ISA_USAGE = YES_ERROR;
				CLANG_WARN_EMPTY_BODY = YES;
				CLANG_WARN_ENUM_CONVERSION = YES;
				CLANG_WARN_INT_CONVERSION = YES;
				CLANG_WARN_OBJC_ROOT_CLASS = YES_ERROR;
				CLANG_WARN_UNREACHABLE_CODE = YES;
				CLANG_WARN__DUPLICATE_METHOD_MATCH = YES;
				"CODE_SIGN_IDENTITY[sdk=iphoneos*]" = "iPhone Developer";
				COPY_PHASE_STRIP = YES;
				ENABLE_NS_ASSERTIONS = NO;
				ENABLE_STRICT_OBJC_MSGSEND = YES;
				GCC_C_LANGUAGE_STANDARD = gnu99;
				GCC_WARN_64_TO_32_BIT_CONVERSION = YES;
				GCC_WARN_ABOUT_RETURN_TYPE = YES_ERROR;
				GCC_WARN_UNDECLARED_SELECTOR = YES;
				GCC_WARN_UNINITIALIZED_AUTOS = YES_AGGRESSIVE;
				GCC_WARN_UNUSED_FUNCTION = YES;
				GCC_WARN_UNUSED_VARIABLE = YES;
				HEADER_SEARCH_PATHS = (
					"$(PROJECT_DIR)/Vendor/**",
					"$(inherited)",
					/Applications/Xcode.app/Contents/Developer/Toolchains/XcodeDefault.xctoolchain/usr/include,
				);
				IPHONEOS_DEPLOYMENT_TARGET = 8.1;
				MTL_ENABLE_DEBUG_INFO = NO;
				SDKROOT = iphoneos;
				TARGETED_DEVICE_FAMILY = "1,2";
				VALIDATE_PRODUCT = YES;
			};
			name = Release;
		};
		A80D19E21A11CEDA0067A055 /* Debug */ = {
			isa = XCBuildConfiguration;
			buildSettings = {
				ASSETCATALOG_COMPILER_APPICON_NAME = AppIcon;
				FRAMEWORK_SEARCH_PATHS = (
					"$(inherited)",
					"$(PROJECT_DIR)",
					"$(PROJECT_DIR)/Carthage/Build/iOS",
				);
				INFOPLIST_FILE = graphPON/Info.plist;
				LD_RUNPATH_SEARCH_PATHS = "$(inherited) @executable_path/Frameworks";
				PRODUCT_NAME = "$(TARGET_NAME)";
				SWIFT_OBJC_BRIDGING_HEADER = "${SRCROOT}/graphPON/Bridge-Headers/graphPON-Bridging-Header.h";
			};
			name = Debug;
		};
		A80D19E31A11CEDA0067A055 /* Release */ = {
			isa = XCBuildConfiguration;
			buildSettings = {
				ASSETCATALOG_COMPILER_APPICON_NAME = AppIcon;
				FRAMEWORK_SEARCH_PATHS = (
					"$(inherited)",
					"$(PROJECT_DIR)",
					"$(PROJECT_DIR)/Carthage/Build/iOS",
				);
				INFOPLIST_FILE = graphPON/Info.plist;
				LD_RUNPATH_SEARCH_PATHS = "$(inherited) @executable_path/Frameworks";
				PRODUCT_NAME = "$(TARGET_NAME)";
				SWIFT_OBJC_BRIDGING_HEADER = "${SRCROOT}/graphPON/Bridge-Headers/graphPON-Bridging-Header.h";
			};
			name = Release;
		};
		A80D19E51A11CEDA0067A055 /* Debug */ = {
			isa = XCBuildConfiguration;
			buildSettings = {
				BUNDLE_LOADER = "$(TEST_HOST)";
				FRAMEWORK_SEARCH_PATHS = (
					"$(SDKROOT)/Developer/Library/Frameworks",
					"$(inherited)",
				);
				GCC_PREPROCESSOR_DEFINITIONS = (
					"DEBUG=1",
					"$(inherited)",
				);
				INFOPLIST_FILE = graphPONTests/Info.plist;
				LD_RUNPATH_SEARCH_PATHS = "$(inherited) @executable_path/Frameworks @loader_path/Frameworks";
				PRODUCT_NAME = "$(TARGET_NAME)";
				TEST_HOST = "$(BUILT_PRODUCTS_DIR)/graphPON.app/graphPON";
			};
			name = Debug;
		};
		A80D19E61A11CEDA0067A055 /* Release */ = {
			isa = XCBuildConfiguration;
			buildSettings = {
				BUNDLE_LOADER = "$(TEST_HOST)";
				FRAMEWORK_SEARCH_PATHS = (
					"$(SDKROOT)/Developer/Library/Frameworks",
					"$(inherited)",
				);
				INFOPLIST_FILE = graphPONTests/Info.plist;
				LD_RUNPATH_SEARCH_PATHS = "$(inherited) @executable_path/Frameworks @loader_path/Frameworks";
				PRODUCT_NAME = "$(TARGET_NAME)";
				TEST_HOST = "$(BUILT_PRODUCTS_DIR)/graphPON.app/graphPON";
			};
			name = Release;
		};
/* End XCBuildConfiguration section */

/* Begin XCConfigurationList section */
		A80D19BB1A11CEDA0067A055 /* Build configuration list for PBXProject "graphPON" */ = {
			isa = XCConfigurationList;
			buildConfigurations = (
				A80D19DF1A11CEDA0067A055 /* Debug */,
				A80D19E01A11CEDA0067A055 /* Release */,
			);
			defaultConfigurationIsVisible = 0;
			defaultConfigurationName = Release;
		};
		A80D19E11A11CEDA0067A055 /* Build configuration list for PBXNativeTarget "graphPON" */ = {
			isa = XCConfigurationList;
			buildConfigurations = (
				A80D19E21A11CEDA0067A055 /* Debug */,
				A80D19E31A11CEDA0067A055 /* Release */,
			);
			defaultConfigurationIsVisible = 0;
			defaultConfigurationName = Release;
		};
		A80D19E41A11CEDA0067A055 /* Build configuration list for PBXNativeTarget "graphPONTests" */ = {
			isa = XCConfigurationList;
			buildConfigurations = (
				A80D19E51A11CEDA0067A055 /* Debug */,
				A80D19E61A11CEDA0067A055 /* Release */,
			);
			defaultConfigurationIsVisible = 0;
			defaultConfigurationName = Release;
		};
/* End XCConfigurationList section */
	};
	rootObject = A80D19B81A11CEDA0067A055 /* Project object */;
}
