// !$*UTF8*$!
{
	archiveVersion = 1;
	classes = {
	};
	objectVersion = 46;
	objects = {

/* Begin PBXBuildFile section */
		A804D4D01A4AD63C00F22CFE /* JBChartFramework.framework in Frameworks */ = {isa = PBXBuildFile; fileRef = A804D4CC1A4AD62D00F22CFE /* JBChartFramework.framework */; settings = {ATTRIBUTES = (Weak, ); }; };
		A804D4D11A4AD63C00F22CFE /* JBChartFramework.framework in Embed Frameworks */ = {isa = PBXBuildFile; fileRef = A804D4CC1A4AD62D00F22CFE /* JBChartFramework.framework */; settings = {ATTRIBUTES = (CodeSignOnCopy, RemoveHeadersOnCopy, ); }; };
		A804D4D21A4AD63C00F22CFE /* XYDoughnutChart.framework in Frameworks */ = {isa = PBXBuildFile; fileRef = A804D4CD1A4AD62D00F22CFE /* XYDoughnutChart.framework */; settings = {ATTRIBUTES = (Weak, ); }; };
		A804D4D31A4AD63C00F22CFE /* XYDoughnutChart.framework in Embed Frameworks */ = {isa = PBXBuildFile; fileRef = A804D4CD1A4AD62D00F22CFE /* XYDoughnutChart.framework */; settings = {ATTRIBUTES = (CodeSignOnCopy, RemoveHeadersOnCopy, ); }; };
		A80592691ADD20EE0057840B /* graphPON WatchKit App.app in Resources */ = {isa = PBXBuildFile; fileRef = A80592681ADD20EE0057840B /* graphPON WatchKit App.app */; };
		A80592761ADD20EE0057840B /* graphPON WatchKit Extension.appex in Embed App Extensions */ = {isa = PBXBuildFile; fileRef = A805925B1ADD20ED0057840B /* graphPON WatchKit Extension.appex */; settings = {ATTRIBUTES = (RemoveHeadersOnCopy, ); }; };
		A805927D1ADD21120057840B /* Context.swift in Sources */ = {isa = PBXBuildFile; fileRef = A85DB6451AD4F510009E6B37 /* Context.swift */; };
		A805927E1ADD21120057840B /* InitialInterfaceController.swift in Sources */ = {isa = PBXBuildFile; fileRef = A85C01801ADCF498002FEC47 /* InitialInterfaceController.swift */; };
		A805927F1ADD21120057840B /* SummaryChartInterfaceController.swift in Sources */ = {isa = PBXBuildFile; fileRef = A8EB84571AD3C93E00F3638E /* SummaryChartInterfaceController.swift */; };
		A80592811ADD21120057840B /* AvailabilityChartInterfaceController.swift in Sources */ = {isa = PBXBuildFile; fileRef = A8F206A11AD3F92500EE9BD5 /* AvailabilityChartInterfaceController.swift */; };
		A80592821ADD21120057840B /* ServiceListInterfaceController.swift in Sources */ = {isa = PBXBuildFile; fileRef = A8EB84801AD3CA2200F3638E /* ServiceListInterfaceController.swift */; };
		A80592831ADD21120057840B /* ServiceListCellController.swift in Sources */ = {isa = PBXBuildFile; fileRef = A8EB84821AD3CA8C00F3638E /* ServiceListCellController.swift */; };
		A80592841ADD21120057840B /* SummaryChartScene.swift in Sources */ = {isa = PBXBuildFile; fileRef = A8EB84901AD3CFCD00F3638E /* SummaryChartScene.swift */; };
		A80592851ADD21120057840B /* AvailabilityChartScene.swift in Sources */ = {isa = PBXBuildFile; fileRef = A8EB848E1AD3CFCD00F3638E /* AvailabilityChartScene.swift */; };
		A80592871ADD216A0057840B /* JBChartFramework.framework in Frameworks */ = {isa = PBXBuildFile; fileRef = A804D4CC1A4AD62D00F22CFE /* JBChartFramework.framework */; };
		A80592881ADD216A0057840B /* JBChartFramework.framework in Embed Frameworks */ = {isa = PBXBuildFile; fileRef = A804D4CC1A4AD62D00F22CFE /* JBChartFramework.framework */; settings = {ATTRIBUTES = (CodeSignOnCopy, RemoveHeadersOnCopy, ); }; };
		A805928A1ADD216D0057840B /* XYDoughnutChart.framework in Frameworks */ = {isa = PBXBuildFile; fileRef = A804D4CD1A4AD62D00F22CFE /* XYDoughnutChart.framework */; };
		A805928B1ADD216D0057840B /* XYDoughnutChart.framework in Embed Frameworks */ = {isa = PBXBuildFile; fileRef = A804D4CD1A4AD62D00F22CFE /* XYDoughnutChart.framework */; settings = {ATTRIBUTES = (CodeSignOnCopy, RemoveHeadersOnCopy, ); }; };
		A80748621A134417008ADC0A /* UIColor.swift in Sources */ = {isa = PBXBuildFile; fileRef = A80748611A134417008ADC0A /* UIColor.swift */; };
		A80D19C61A11CEDA0067A055 /* AppDelegate.swift in Sources */ = {isa = PBXBuildFile; fileRef = A80D19C51A11CEDA0067A055 /* AppDelegate.swift */; };
		A80D19CD1A11CEDA0067A055 /* Main.storyboard in Resources */ = {isa = PBXBuildFile; fileRef = A80D19CB1A11CEDA0067A055 /* Main.storyboard */; };
		A80D19CF1A11CEDA0067A055 /* Images.xcassets in Resources */ = {isa = PBXBuildFile; fileRef = A80D19CE1A11CEDA0067A055 /* Images.xcassets */; };
		A80D19D21A11CEDA0067A055 /* LaunchScreen.xib in Resources */ = {isa = PBXBuildFile; fileRef = A80D19D01A11CEDA0067A055 /* LaunchScreen.xib */; };
		A8131D081A6D076E007C7D14 /* SettingTableHdoServiceSwitchCell.swift in Sources */ = {isa = PBXBuildFile; fileRef = A8131D071A6D076E007C7D14 /* SettingTableHdoServiceSwitchCell.swift */; };
		A8131D0A1A6D1D00007C7D14 /* SettingTableHdoServiceSwitchCellDelegate.swift in Sources */ = {isa = PBXBuildFile; fileRef = A8131D091A6D1D00007C7D14 /* SettingTableHdoServiceSwitchCellDelegate.swift */; };
		A833C34D1A637E0800EBE788 /* Constants.swift in Sources */ = {isa = PBXBuildFile; fileRef = A833C34C1A637E0800EBE788 /* Constants.swift */; };
		A83612821A3EB7E300BB1B3F /* RatioChartViewController.swift in Sources */ = {isa = PBXBuildFile; fileRef = A83612811A3EB7E300BB1B3F /* RatioChartViewController.swift */; };
		A83612841A3EB9E100BB1B3F /* RatioChartContainerView.swift in Sources */ = {isa = PBXBuildFile; fileRef = A83612831A3EB9E100BB1B3F /* RatioChartContainerView.swift */; };
		A83C5E151ADD3B6F002104F8 /* DailyChartInterfaceController.swift in Sources */ = {isa = PBXBuildFile; fileRef = A8F2069E1AD3F8E200EE9BD5 /* DailyChartInterfaceController.swift */; };
		A83C5E171ADD3BD6002104F8 /* DailyChartScene.swift in Sources */ = {isa = PBXBuildFile; fileRef = A83C5E161ADD3BD6002104F8 /* DailyChartScene.swift */; };
		A83C5E181ADD43DA002104F8 /* Interface.storyboard in Resources */ = {isa = PBXBuildFile; fileRef = A8EB84641AD3C93E00F3638E /* Interface.storyboard */; };
		A83F30EC1A2EF4AF00FE2D86 /* ChartInformationView.swift in Sources */ = {isa = PBXBuildFile; fileRef = A83F30EB1A2EF4AF00FE2D86 /* ChartInformationView.swift */; };
		A8409FB91A16F4A8007573EC /* ChartViewContainerView.swift in Sources */ = {isa = PBXBuildFile; fileRef = A8409FB81A16F4A8007573EC /* ChartViewContainerView.swift */; };
		A857096D1A723DD100A11F2D /* AvailabilityChartViewController.swift in Sources */ = {isa = PBXBuildFile; fileRef = A857096C1A723DD100A11F2D /* AvailabilityChartViewController.swift */; };
		A858714C1A7766B3007C78C1 /* Localizable.strings in Resources */ = {isa = PBXBuildFile; fileRef = A858714A1A7766B3007C78C1 /* Localizable.strings */; };
		A85FA8A71A5798FC00992948 /* SwiftyJSON.framework in Frameworks */ = {isa = PBXBuildFile; fileRef = A85FA8A61A5798FC00992948 /* SwiftyJSON.framework */; settings = {ATTRIBUTES = (Weak, ); }; };
		A85FA8A81A5798FC00992948 /* SwiftyJSON.framework in Embed Frameworks */ = {isa = PBXBuildFile; fileRef = A85FA8A61A5798FC00992948 /* SwiftyJSON.framework */; settings = {ATTRIBUTES = (CodeSignOnCopy, RemoveHeadersOnCopy, ); }; };
		A874C0AC1A4BDE7200887932 /* Alamofire.framework in Frameworks */ = {isa = PBXBuildFile; fileRef = A874C0AB1A4BDE7200887932 /* Alamofire.framework */; settings = {ATTRIBUTES = (Weak, ); }; };
		A874C0AD1A4BDE7200887932 /* Alamofire.framework in Embed Frameworks */ = {isa = PBXBuildFile; fileRef = A874C0AB1A4BDE7200887932 /* Alamofire.framework */; settings = {ATTRIBUTES = (CodeSignOnCopy, RemoveHeadersOnCopy, ); }; };
		A88398C01A5CF40700B3DE5B /* DisplayPacketLogsSelectTableViewController.swift in Sources */ = {isa = PBXBuildFile; fileRef = A88398BF1A5CF40700B3DE5B /* DisplayPacketLogsSelectTableViewController.swift */; };
		A88398C21A5CF67700B3DE5B /* DisplayPacketLogsSelectTableViewControllerDelegate.swift in Sources */ = {isa = PBXBuildFile; fileRef = A88398C11A5CF67700B3DE5B /* DisplayPacketLogsSelectTableViewControllerDelegate.swift */; };
		A8867A051A30333C001D8578 /* ExtendedNavBarView.swift in Sources */ = {isa = PBXBuildFile; fileRef = A8867A041A30333C001D8578 /* ExtendedNavBarView.swift */; };
		A8867A0C1A304E8B001D8578 /* HddServiceListTableViewController.swift in Sources */ = {isa = PBXBuildFile; fileRef = A8867A0B1A304E8B001D8578 /* HddServiceListTableViewController.swift */; };
		A8867A0F1A304EB0001D8578 /* HddServiceListTableViewControllerDelegate.swift in Sources */ = {isa = PBXBuildFile; fileRef = A8867A0E1A304EB0001D8578 /* HddServiceListTableViewControllerDelegate.swift */; };
		A88D887A1ADD301C00C0E2C4 /* Images.xcassets in Resources */ = {isa = PBXBuildFile; fileRef = A8EB84671AD3C93E00F3638E /* Images.xcassets */; };
		A8AC38581ADE3111009F018F /* GraphPONDataKit.h in Headers */ = {isa = PBXBuildFile; fileRef = A8AC38571ADE3111009F018F /* GraphPONDataKit.h */; settings = {ATTRIBUTES = (Public, ); }; };
		A8AC385E1ADE3111009F018F /* GraphPONDataKit.framework in Frameworks */ = {isa = PBXBuildFile; fileRef = A8AC38531ADE3110009F018F /* GraphPONDataKit.framework */; };
		A8AC386A1ADE3111009F018F /* GraphPONDataKit.framework in Frameworks */ = {isa = PBXBuildFile; fileRef = A8AC38531ADE3110009F018F /* GraphPONDataKit.framework */; };
		A8AC386B1ADE3111009F018F /* GraphPONDataKit.framework in Embed Frameworks */ = {isa = PBXBuildFile; fileRef = A8AC38531ADE3110009F018F /* GraphPONDataKit.framework */; settings = {ATTRIBUTES = (CodeSignOnCopy, RemoveHeadersOnCopy, ); }; };
		A8AC38771ADE3184009F018F /* OAuth2Client.swift in Sources */ = {isa = PBXBuildFile; fileRef = A8AC38741ADE3184009F018F /* OAuth2Client.swift */; };
		A8AC38781ADE3184009F018F /* OAuth2Credential.swift in Sources */ = {isa = PBXBuildFile; fileRef = A8AC38751ADE3184009F018F /* OAuth2Credential.swift */; };
		A8AC38791ADE3184009F018F /* OAuth2Router.swift in Sources */ = {isa = PBXBuildFile; fileRef = A8AC38761ADE3184009F018F /* OAuth2Router.swift */; };
		A8AC38801ADE3192009F018F /* Coupon.swift in Sources */ = {isa = PBXBuildFile; fileRef = A8AC387A1ADE3192009F018F /* Coupon.swift */; };
		A8AC38811ADE3192009F018F /* GPUserDefaults.swift in Sources */ = {isa = PBXBuildFile; fileRef = A8AC387B1ADE3192009F018F /* GPUserDefaults.swift */; };
		A8AC38821ADE3192009F018F /* HddService.swift in Sources */ = {isa = PBXBuildFile; fileRef = A8AC387C1ADE3192009F018F /* HddService.swift */; };
		A8AC38831ADE3192009F018F /* HdoService.swift in Sources */ = {isa = PBXBuildFile; fileRef = A8AC387D1ADE3192009F018F /* HdoService.swift */; };
		A8AC38841ADE3192009F018F /* PacketInfoManager.swift in Sources */ = {isa = PBXBuildFile; fileRef = A8AC387E1ADE3192009F018F /* PacketInfoManager.swift */; };
		A8AC38851ADE3192009F018F /* PacketLog.swift in Sources */ = {isa = PBXBuildFile; fileRef = A8AC387F1ADE3192009F018F /* PacketLog.swift */; };
		A8AC38861ADE31A5009F018F /* GraphPONDataKit.framework in Frameworks */ = {isa = PBXBuildFile; fileRef = A8AC38531ADE3110009F018F /* GraphPONDataKit.framework */; };
		A8AC38871ADE31A5009F018F /* GraphPONDataKit.framework in Embed Frameworks */ = {isa = PBXBuildFile; fileRef = A8AC38531ADE3110009F018F /* GraphPONDataKit.framework */; settings = {ATTRIBUTES = (CodeSignOnCopy, RemoveHeadersOnCopy, ); }; };
		A8AC388A1ADE31CB009F018F /* Alamofire.framework in Frameworks */ = {isa = PBXBuildFile; fileRef = A874C0AB1A4BDE7200887932 /* Alamofire.framework */; };
		A8AC388B1ADE31CF009F018F /* SwiftyJSON.framework in Frameworks */ = {isa = PBXBuildFile; fileRef = A85FA8A61A5798FC00992948 /* SwiftyJSON.framework */; };
		A8AC38911ADE36B1009F018F /* GPUserDefaultsTests.swift in Sources */ = {isa = PBXBuildFile; fileRef = A8AC388C1ADE36B1009F018F /* GPUserDefaultsTests.swift */; };
		A8AC38921ADE36B1009F018F /* HddServiceTests.swift in Sources */ = {isa = PBXBuildFile; fileRef = A8AC388D1ADE36B1009F018F /* HddServiceTests.swift */; };
		A8AC38931ADE36B1009F018F /* HdoServiceTests.swift in Sources */ = {isa = PBXBuildFile; fileRef = A8AC388E1ADE36B1009F018F /* HdoServiceTests.swift */; };
		A8AC38941ADE36B1009F018F /* OAuth2ClientTests.swift in Sources */ = {isa = PBXBuildFile; fileRef = A8AC388F1ADE36B1009F018F /* OAuth2ClientTests.swift */; };
		A8AC38951ADE36B1009F018F /* OAuth2CredentialTests.swift in Sources */ = {isa = PBXBuildFile; fileRef = A8AC38901ADE36B1009F018F /* OAuth2CredentialTests.swift */; };
		A8AC38961ADE36F6009F018F /* OAuth2Client.swift in Sources */ = {isa = PBXBuildFile; fileRef = A8AC38741ADE3184009F018F /* OAuth2Client.swift */; };
		A8AC38971ADE36F6009F018F /* OAuth2Credential.swift in Sources */ = {isa = PBXBuildFile; fileRef = A8AC38751ADE3184009F018F /* OAuth2Credential.swift */; };
		A8AC38981ADE36F6009F018F /* OAuth2Router.swift in Sources */ = {isa = PBXBuildFile; fileRef = A8AC38761ADE3184009F018F /* OAuth2Router.swift */; };
		A8AC38991ADE36F6009F018F /* Coupon.swift in Sources */ = {isa = PBXBuildFile; fileRef = A8AC387A1ADE3192009F018F /* Coupon.swift */; };
		A8AC389A1ADE36F6009F018F /* GPUserDefaults.swift in Sources */ = {isa = PBXBuildFile; fileRef = A8AC387B1ADE3192009F018F /* GPUserDefaults.swift */; };
		A8AC389B1ADE36F6009F018F /* HddService.swift in Sources */ = {isa = PBXBuildFile; fileRef = A8AC387C1ADE3192009F018F /* HddService.swift */; };
		A8AC389C1ADE36F6009F018F /* HdoService.swift in Sources */ = {isa = PBXBuildFile; fileRef = A8AC387D1ADE3192009F018F /* HdoService.swift */; };
		A8AC389D1ADE36F6009F018F /* PacketInfoManager.swift in Sources */ = {isa = PBXBuildFile; fileRef = A8AC387E1ADE3192009F018F /* PacketInfoManager.swift */; };
		A8AC389E1ADE36F6009F018F /* PacketLog.swift in Sources */ = {isa = PBXBuildFile; fileRef = A8AC387F1ADE3192009F018F /* PacketLog.swift */; };
		A8AC389F1ADE371C009F018F /* SwiftyJSON.framework in Frameworks */ = {isa = PBXBuildFile; fileRef = A85FA8A61A5798FC00992948 /* SwiftyJSON.framework */; };
		A8AC38A01ADE371C009F018F /* Alamofire.framework in Frameworks */ = {isa = PBXBuildFile; fileRef = A874C0AB1A4BDE7200887932 /* Alamofire.framework */; };
		A8AC38A31ADE3765009F018F /* NSDate.swift in Sources */ = {isa = PBXBuildFile; fileRef = A8AC38A21ADE3765009F018F /* NSDate.swift */; };
		A8AC38A41ADE3765009F018F /* NSDate.swift in Sources */ = {isa = PBXBuildFile; fileRef = A8AC38A21ADE3765009F018F /* NSDate.swift */; };
		A8AC38A61ADE3CCA009F018F /* OAuth2Credential.swift in Sources */ = {isa = PBXBuildFile; fileRef = A8AC38A51ADE3CCA009F018F /* OAuth2Credential.swift */; };
		A8AC38A71ADE3CCA009F018F /* OAuth2Credential.swift in Sources */ = {isa = PBXBuildFile; fileRef = A8AC38A51ADE3CCA009F018F /* OAuth2Credential.swift */; };
		A8B212BC1A11EEDC005988DC /* SummaryChartViewController.swift in Sources */ = {isa = PBXBuildFile; fileRef = A8B212BB1A11EEDC005988DC /* SummaryChartViewController.swift */; };
		A8B212C01A1204B2005988DC /* LineChartFooterView.swift in Sources */ = {isa = PBXBuildFile; fileRef = A8B212BF1A1204B2005988DC /* LineChartFooterView.swift */; };
		A8B39C391A41713E009F519E /* BaseChartViewController.swift in Sources */ = {isa = PBXBuildFile; fileRef = A8B39C381A41713E009F519E /* BaseChartViewController.swift */; };
		A8B833AB1AD505D90019132F /* Settings-Watch.bundle in Resources */ = {isa = PBXBuildFile; fileRef = A85DB6471AD50323009E6B37 /* Settings-Watch.bundle */; };
		A8BC58B51A1DE4B2006CD44D /* DailyChartViewController.swift in Sources */ = {isa = PBXBuildFile; fileRef = A8BC58B41A1DE4B2006CD44D /* DailyChartViewController.swift */; };
		A8CB1A5B1A789606002FA9F7 /* PromptLoginPresenter.swift in Sources */ = {isa = PBXBuildFile; fileRef = A8CB1A5A1A789606002FA9F7 /* PromptLoginPresenter.swift */; };
		A8CB1A5D1A7898FF002FA9F7 /* PromptLoginController.swift in Sources */ = {isa = PBXBuildFile; fileRef = A8CB1A5C1A7898FF002FA9F7 /* PromptLoginController.swift */; };
		A8CB1A601A789929002FA9F7 /* ErrorAlertController.swift in Sources */ = {isa = PBXBuildFile; fileRef = A8CB1A5F1A789929002FA9F7 /* ErrorAlertController.swift */; };
		A8CB1A621A789FD8002FA9F7 /* ErrorAlertPresenter.swift in Sources */ = {isa = PBXBuildFile; fileRef = A8CB1A611A789FD8002FA9F7 /* ErrorAlertPresenter.swift */; };
		A8DCA1551A4E7C3900CE73D3 /* Alamofire.framework in Frameworks */ = {isa = PBXBuildFile; fileRef = A874C0AB1A4BDE7200887932 /* Alamofire.framework */; };
		A8DCA1561A4E7C3900CE73D3 /* JBChartFramework.framework in Frameworks */ = {isa = PBXBuildFile; fileRef = A804D4CC1A4AD62D00F22CFE /* JBChartFramework.framework */; };
		A8DCA1571A4E7C3900CE73D3 /* XYDoughnutChart.framework in Frameworks */ = {isa = PBXBuildFile; fileRef = A804D4CD1A4AD62D00F22CFE /* XYDoughnutChart.framework */; };
		A8E0AC3E1A66215F00D4E043 /* StateRestorable.swift in Sources */ = {isa = PBXBuildFile; fileRef = A8E0AC3D1A66215F00D4E043 /* StateRestorable.swift */; };
		A8F036FC1A6CD0ED00DEFA61 /* SettingTableViewController.swift in Sources */ = {isa = PBXBuildFile; fileRef = A8F036FB1A6CD0ED00DEFA61 /* SettingTableViewController.swift */; };
/* End PBXBuildFile section */

/* Begin PBXContainerItemProxy section */
		A805926A1ADD20EE0057840B /* PBXContainerItemProxy */ = {
			isa = PBXContainerItemProxy;
			containerPortal = A80D19B81A11CEDA0067A055 /* Project object */;
			proxyType = 1;
			remoteGlobalIDString = A80592671ADD20EE0057840B;
			remoteInfo = "graphPON WatchKit App";
		};
		A80592741ADD20EE0057840B /* PBXContainerItemProxy */ = {
			isa = PBXContainerItemProxy;
			containerPortal = A80D19B81A11CEDA0067A055 /* Project object */;
			proxyType = 1;
			remoteGlobalIDString = A805925A1ADD20ED0057840B;
			remoteInfo = "graphPON WatchKit Extension";
		};
		A80D19D81A11CEDA0067A055 /* PBXContainerItemProxy */ = {
			isa = PBXContainerItemProxy;
			containerPortal = A80D19B81A11CEDA0067A055 /* Project object */;
			proxyType = 1;
			remoteGlobalIDString = A80D19BF1A11CEDA0067A055;
			remoteInfo = graphPON;
		};
		A8AC385F1ADE3111009F018F /* PBXContainerItemProxy */ = {
			isa = PBXContainerItemProxy;
			containerPortal = A80D19B81A11CEDA0067A055 /* Project object */;
			proxyType = 1;
			remoteGlobalIDString = A8AC38521ADE3110009F018F;
			remoteInfo = GraphPonDataKit;
		};
		A8AC38611ADE3111009F018F /* PBXContainerItemProxy */ = {
			isa = PBXContainerItemProxy;
			containerPortal = A80D19B81A11CEDA0067A055 /* Project object */;
			proxyType = 1;
			remoteGlobalIDString = A80D19BF1A11CEDA0067A055;
			remoteInfo = graphPON;
		};
		A8AC38681ADE3111009F018F /* PBXContainerItemProxy */ = {
			isa = PBXContainerItemProxy;
			containerPortal = A80D19B81A11CEDA0067A055 /* Project object */;
			proxyType = 1;
			remoteGlobalIDString = A8AC38521ADE3110009F018F;
			remoteInfo = GraphPonDataKit;
		};
		A8AC38881ADE31A5009F018F /* PBXContainerItemProxy */ = {
			isa = PBXContainerItemProxy;
			containerPortal = A80D19B81A11CEDA0067A055 /* Project object */;
			proxyType = 1;
			remoteGlobalIDString = A8AC38521ADE3110009F018F;
			remoteInfo = GraphPonDataKit;
		};
/* End PBXContainerItemProxy section */

/* Begin PBXCopyFilesBuildPhase section */
		A80592891ADD216A0057840B /* Embed Frameworks */ = {
			isa = PBXCopyFilesBuildPhase;
			buildActionMask = 2147483647;
			dstPath = "";
			dstSubfolderSpec = 10;
			files = (
				A8AC38871ADE31A5009F018F /* GraphPONDataKit.framework in Embed Frameworks */,
				A805928B1ADD216D0057840B /* XYDoughnutChart.framework in Embed Frameworks */,
				A80592881ADD216A0057840B /* JBChartFramework.framework in Embed Frameworks */,
			);
			name = "Embed Frameworks";
			runOnlyForDeploymentPostprocessing = 0;
		};
		A84063231A484CFF0064A06A /* Embed Frameworks */ = {
			isa = PBXCopyFilesBuildPhase;
			buildActionMask = 2147483647;
			dstPath = "";
			dstSubfolderSpec = 10;
			files = (
				A85FA8A81A5798FC00992948 /* SwiftyJSON.framework in Embed Frameworks */,
				A804D4D31A4AD63C00F22CFE /* XYDoughnutChart.framework in Embed Frameworks */,
				A8AC386B1ADE3111009F018F /* GraphPONDataKit.framework in Embed Frameworks */,
				A874C0AD1A4BDE7200887932 /* Alamofire.framework in Embed Frameworks */,
				A804D4D11A4AD63C00F22CFE /* JBChartFramework.framework in Embed Frameworks */,
			);
			name = "Embed Frameworks";
			runOnlyForDeploymentPostprocessing = 0;
		};
		A8EB84721AD3C93E00F3638E /* Embed App Extensions */ = {
			isa = PBXCopyFilesBuildPhase;
			buildActionMask = 2147483647;
			dstPath = "";
			dstSubfolderSpec = 13;
			files = (
				A80592761ADD20EE0057840B /* graphPON WatchKit Extension.appex in Embed App Extensions */,
			);
			name = "Embed App Extensions";
			runOnlyForDeploymentPostprocessing = 0;
		};
/* End PBXCopyFilesBuildPhase section */

/* Begin PBXFileReference section */
		A804D4CC1A4AD62D00F22CFE /* JBChartFramework.framework */ = {isa = PBXFileReference; lastKnownFileType = wrapper.framework; name = JBChartFramework.framework; path = Carthage/Build/iOS/JBChartFramework.framework; sourceTree = "<group>"; };
		A804D4CD1A4AD62D00F22CFE /* XYDoughnutChart.framework */ = {isa = PBXFileReference; lastKnownFileType = wrapper.framework; name = XYDoughnutChart.framework; path = Carthage/Build/iOS/XYDoughnutChart.framework; sourceTree = "<group>"; };
		A805925B1ADD20ED0057840B /* graphPON WatchKit Extension.appex */ = {isa = PBXFileReference; explicitFileType = "wrapper.app-extension"; includeInIndex = 0; path = "graphPON WatchKit Extension.appex"; sourceTree = BUILT_PRODUCTS_DIR; };
		A80592681ADD20EE0057840B /* graphPON WatchKit App.app */ = {isa = PBXFileReference; explicitFileType = wrapper.application; includeInIndex = 0; path = "graphPON WatchKit App.app"; sourceTree = BUILT_PRODUCTS_DIR; };
		A80748611A134417008ADC0A /* UIColor.swift */ = {isa = PBXFileReference; fileEncoding = 4; lastKnownFileType = sourcecode.swift; name = UIColor.swift; path = Extensions/UIColor.swift; sourceTree = "<group>"; };
		A80D19C01A11CEDA0067A055 /* graphPON.app */ = {isa = PBXFileReference; explicitFileType = wrapper.application; includeInIndex = 0; path = graphPON.app; sourceTree = BUILT_PRODUCTS_DIR; };
		A80D19C41A11CEDA0067A055 /* Info.plist */ = {isa = PBXFileReference; lastKnownFileType = text.plist.xml; path = Info.plist; sourceTree = "<group>"; };
		A80D19C51A11CEDA0067A055 /* AppDelegate.swift */ = {isa = PBXFileReference; lastKnownFileType = sourcecode.swift; path = AppDelegate.swift; sourceTree = "<group>"; };
		A80D19CC1A11CEDA0067A055 /* Base */ = {isa = PBXFileReference; lastKnownFileType = file.storyboard; name = Base; path = Base.lproj/Main.storyboard; sourceTree = "<group>"; };
		A80D19CE1A11CEDA0067A055 /* Images.xcassets */ = {isa = PBXFileReference; lastKnownFileType = folder.assetcatalog; path = Images.xcassets; sourceTree = "<group>"; };
		A80D19D11A11CEDA0067A055 /* Base */ = {isa = PBXFileReference; lastKnownFileType = file.xib; name = Base; path = Base.lproj/LaunchScreen.xib; sourceTree = "<group>"; };
		A80D19D71A11CEDA0067A055 /* graphPONTests.xctest */ = {isa = PBXFileReference; explicitFileType = wrapper.cfbundle; includeInIndex = 0; path = graphPONTests.xctest; sourceTree = BUILT_PRODUCTS_DIR; };
		A80D19DC1A11CEDA0067A055 /* Info.plist */ = {isa = PBXFileReference; lastKnownFileType = text.plist.xml; path = Info.plist; sourceTree = "<group>"; };
		A8131D071A6D076E007C7D14 /* SettingTableHdoServiceSwitchCell.swift */ = {isa = PBXFileReference; fileEncoding = 4; lastKnownFileType = sourcecode.swift; name = SettingTableHdoServiceSwitchCell.swift; path = Views/SettingTableHdoServiceSwitchCell.swift; sourceTree = "<group>"; };
		A8131D091A6D1D00007C7D14 /* SettingTableHdoServiceSwitchCellDelegate.swift */ = {isa = PBXFileReference; fileEncoding = 4; lastKnownFileType = sourcecode.swift; name = SettingTableHdoServiceSwitchCellDelegate.swift; path = Protocols/SettingTableHdoServiceSwitchCellDelegate.swift; sourceTree = "<group>"; };
		A823DF381AA8874E0061A264 /* graphPON.xcconfig */ = {isa = PBXFileReference; lastKnownFileType = text.xcconfig; name = graphPON.xcconfig; path = Config/graphPON.xcconfig; sourceTree = "<group>"; };
		A833C34C1A637E0800EBE788 /* Constants.swift */ = {isa = PBXFileReference; fileEncoding = 4; lastKnownFileType = sourcecode.swift; path = Constants.swift; sourceTree = "<group>"; };
		A83612811A3EB7E300BB1B3F /* RatioChartViewController.swift */ = {isa = PBXFileReference; fileEncoding = 4; lastKnownFileType = sourcecode.swift; name = RatioChartViewController.swift; path = ViewControllers/RatioChartViewController.swift; sourceTree = "<group>"; };
		A83612831A3EB9E100BB1B3F /* RatioChartContainerView.swift */ = {isa = PBXFileReference; fileEncoding = 4; lastKnownFileType = sourcecode.swift; name = RatioChartContainerView.swift; path = Views/RatioChartContainerView.swift; sourceTree = "<group>"; };
		A83C5E161ADD3BD6002104F8 /* DailyChartScene.swift */ = {isa = PBXFileReference; fileEncoding = 4; lastKnownFileType = sourcecode.swift; path = DailyChartScene.swift; sourceTree = "<group>"; };
		A83F30EB1A2EF4AF00FE2D86 /* ChartInformationView.swift */ = {isa = PBXFileReference; fileEncoding = 4; lastKnownFileType = sourcecode.swift; name = ChartInformationView.swift; path = Views/ChartInformationView.swift; sourceTree = "<group>"; };
		A8409FB81A16F4A8007573EC /* ChartViewContainerView.swift */ = {isa = PBXFileReference; fileEncoding = 4; lastKnownFileType = sourcecode.swift; name = ChartViewContainerView.swift; path = Views/ChartViewContainerView.swift; sourceTree = "<group>"; };
		A856C4F81AA8897E007735C0 /* Test.xcconfig */ = {isa = PBXFileReference; lastKnownFileType = text.xcconfig; name = Test.xcconfig; path = Config/Test.xcconfig; sourceTree = "<group>"; };
		A857096C1A723DD100A11F2D /* AvailabilityChartViewController.swift */ = {isa = PBXFileReference; fileEncoding = 4; lastKnownFileType = sourcecode.swift; name = AvailabilityChartViewController.swift; path = ViewControllers/AvailabilityChartViewController.swift; sourceTree = "<group>"; };
		A85871461A776109007C78C1 /* ja */ = {isa = PBXFileReference; lastKnownFileType = text.plist.strings; name = ja; path = ja.lproj/Main.strings; sourceTree = "<group>"; };
		A858714B1A7766B3007C78C1 /* Base */ = {isa = PBXFileReference; lastKnownFileType = text.plist.strings; name = Base; path = Base.lproj/Localizable.strings; sourceTree = "<group>"; };
		A858714F1A7768C2007C78C1 /* ja */ = {isa = PBXFileReference; lastKnownFileType = text.plist.strings; name = ja; path = ja.lproj/Localizable.strings; sourceTree = "<group>"; };
		A85C01801ADCF498002FEC47 /* InitialInterfaceController.swift */ = {isa = PBXFileReference; fileEncoding = 4; lastKnownFileType = sourcecode.swift; name = InitialInterfaceController.swift; path = Interfaces/InitialInterfaceController.swift; sourceTree = "<group>"; };
		A85DB6451AD4F510009E6B37 /* Context.swift */ = {isa = PBXFileReference; fileEncoding = 4; lastKnownFileType = sourcecode.swift; name = Context.swift; path = Models/Context.swift; sourceTree = "<group>"; };
		A85DB6471AD50323009E6B37 /* Settings-Watch.bundle */ = {isa = PBXFileReference; lastKnownFileType = "wrapper.plug-in"; name = "Settings-Watch.bundle"; path = "graphPON WatchKit App/Settings-Watch.bundle"; sourceTree = SOURCE_ROOT; };
		A85FA8A61A5798FC00992948 /* SwiftyJSON.framework */ = {isa = PBXFileReference; lastKnownFileType = wrapper.framework; name = SwiftyJSON.framework; path = Carthage/Build/iOS/SwiftyJSON.framework; sourceTree = "<group>"; };
		A874C0AB1A4BDE7200887932 /* Alamofire.framework */ = {isa = PBXFileReference; lastKnownFileType = wrapper.framework; name = Alamofire.framework; path = Carthage/Build/iOS/Alamofire.framework; sourceTree = "<group>"; };
		A88398BF1A5CF40700B3DE5B /* DisplayPacketLogsSelectTableViewController.swift */ = {isa = PBXFileReference; fileEncoding = 4; lastKnownFileType = sourcecode.swift; name = DisplayPacketLogsSelectTableViewController.swift; path = ViewControllers/DisplayPacketLogsSelectTableViewController.swift; sourceTree = "<group>"; };
		A88398C11A5CF67700B3DE5B /* DisplayPacketLogsSelectTableViewControllerDelegate.swift */ = {isa = PBXFileReference; fileEncoding = 4; lastKnownFileType = sourcecode.swift; name = DisplayPacketLogsSelectTableViewControllerDelegate.swift; path = Protocols/DisplayPacketLogsSelectTableViewControllerDelegate.swift; sourceTree = "<group>"; };
		A8867A041A30333C001D8578 /* ExtendedNavBarView.swift */ = {isa = PBXFileReference; fileEncoding = 4; lastKnownFileType = sourcecode.swift; name = ExtendedNavBarView.swift; path = Views/ExtendedNavBarView.swift; sourceTree = "<group>"; };
		A8867A0B1A304E8B001D8578 /* HddServiceListTableViewController.swift */ = {isa = PBXFileReference; fileEncoding = 4; lastKnownFileType = sourcecode.swift; name = HddServiceListTableViewController.swift; path = ViewControllers/HddServiceListTableViewController.swift; sourceTree = "<group>"; };
		A8867A0E1A304EB0001D8578 /* HddServiceListTableViewControllerDelegate.swift */ = {isa = PBXFileReference; fileEncoding = 4; lastKnownFileType = sourcecode.swift; name = HddServiceListTableViewControllerDelegate.swift; path = Protocols/HddServiceListTableViewControllerDelegate.swift; sourceTree = "<group>"; };
		A88D887B1ADD313000C0E2C4 /* graphPON.entitlements */ = {isa = PBXFileReference; lastKnownFileType = text.xml; path = graphPON.entitlements; sourceTree = "<group>"; };
		A88D887C1ADD315C00C0E2C4 /* graphPON WatchKit Extension.entitlements */ = {isa = PBXFileReference; lastKnownFileType = text.xml; name = "graphPON WatchKit Extension.entitlements"; path = "graphPON WatchKit Extension/graphPON WatchKit Extension.entitlements"; sourceTree = "<group>"; };
		A8AC38531ADE3110009F018F /* GraphPONDataKit.framework */ = {isa = PBXFileReference; explicitFileType = wrapper.framework; includeInIndex = 0; path = GraphPONDataKit.framework; sourceTree = BUILT_PRODUCTS_DIR; };
		A8AC38561ADE3111009F018F /* Info.plist */ = {isa = PBXFileReference; lastKnownFileType = text.plist.xml; path = Info.plist; sourceTree = "<group>"; };
		A8AC38571ADE3111009F018F /* GraphPONDataKit.h */ = {isa = PBXFileReference; lastKnownFileType = sourcecode.c.h; path = GraphPONDataKit.h; sourceTree = "<group>"; };
		A8AC385D1ADE3111009F018F /* GraphPONDataKitTests.xctest */ = {isa = PBXFileReference; explicitFileType = wrapper.cfbundle; includeInIndex = 0; path = GraphPONDataKitTests.xctest; sourceTree = BUILT_PRODUCTS_DIR; };
		A8AC38651ADE3111009F018F /* Info.plist */ = {isa = PBXFileReference; lastKnownFileType = text.plist.xml; path = Info.plist; sourceTree = "<group>"; };
		A8AC38741ADE3184009F018F /* OAuth2Client.swift */ = {isa = PBXFileReference; fileEncoding = 4; lastKnownFileType = sourcecode.swift; name = OAuth2Client.swift; path = Models/OAuth2Client.swift; sourceTree = "<group>"; };
		A8AC38751ADE3184009F018F /* OAuth2Credential.swift */ = {isa = PBXFileReference; fileEncoding = 4; lastKnownFileType = sourcecode.swift; name = OAuth2Credential.swift; path = Models/OAuth2Credential.swift; sourceTree = "<group>"; };
		A8AC38761ADE3184009F018F /* OAuth2Router.swift */ = {isa = PBXFileReference; fileEncoding = 4; lastKnownFileType = sourcecode.swift; name = OAuth2Router.swift; path = Models/OAuth2Router.swift; sourceTree = "<group>"; };
		A8AC387A1ADE3192009F018F /* Coupon.swift */ = {isa = PBXFileReference; fileEncoding = 4; lastKnownFileType = sourcecode.swift; name = Coupon.swift; path = Models/Coupon.swift; sourceTree = "<group>"; };
		A8AC387B1ADE3192009F018F /* GPUserDefaults.swift */ = {isa = PBXFileReference; fileEncoding = 4; lastKnownFileType = sourcecode.swift; name = GPUserDefaults.swift; path = Models/GPUserDefaults.swift; sourceTree = "<group>"; };
		A8AC387C1ADE3192009F018F /* HddService.swift */ = {isa = PBXFileReference; fileEncoding = 4; lastKnownFileType = sourcecode.swift; name = HddService.swift; path = Models/HddService.swift; sourceTree = "<group>"; };
		A8AC387D1ADE3192009F018F /* HdoService.swift */ = {isa = PBXFileReference; fileEncoding = 4; lastKnownFileType = sourcecode.swift; name = HdoService.swift; path = Models/HdoService.swift; sourceTree = "<group>"; };
		A8AC387E1ADE3192009F018F /* PacketInfoManager.swift */ = {isa = PBXFileReference; fileEncoding = 4; lastKnownFileType = sourcecode.swift; name = PacketInfoManager.swift; path = Models/PacketInfoManager.swift; sourceTree = "<group>"; };
		A8AC387F1ADE3192009F018F /* PacketLog.swift */ = {isa = PBXFileReference; fileEncoding = 4; lastKnownFileType = sourcecode.swift; name = PacketLog.swift; path = Models/PacketLog.swift; sourceTree = "<group>"; };
		A8AC388C1ADE36B1009F018F /* GPUserDefaultsTests.swift */ = {isa = PBXFileReference; fileEncoding = 4; lastKnownFileType = sourcecode.swift; path = GPUserDefaultsTests.swift; sourceTree = "<group>"; };
		A8AC388D1ADE36B1009F018F /* HddServiceTests.swift */ = {isa = PBXFileReference; fileEncoding = 4; lastKnownFileType = sourcecode.swift; path = HddServiceTests.swift; sourceTree = "<group>"; };
		A8AC388E1ADE36B1009F018F /* HdoServiceTests.swift */ = {isa = PBXFileReference; fileEncoding = 4; lastKnownFileType = sourcecode.swift; path = HdoServiceTests.swift; sourceTree = "<group>"; };
		A8AC388F1ADE36B1009F018F /* OAuth2ClientTests.swift */ = {isa = PBXFileReference; fileEncoding = 4; lastKnownFileType = sourcecode.swift; path = OAuth2ClientTests.swift; sourceTree = "<group>"; };
		A8AC38901ADE36B1009F018F /* OAuth2CredentialTests.swift */ = {isa = PBXFileReference; fileEncoding = 4; lastKnownFileType = sourcecode.swift; path = OAuth2CredentialTests.swift; sourceTree = "<group>"; };
		A8AC38A21ADE3765009F018F /* NSDate.swift */ = {isa = PBXFileReference; fileEncoding = 4; lastKnownFileType = sourcecode.swift; name = NSDate.swift; path = Extensions/NSDate.swift; sourceTree = "<group>"; };
		A8AC38A51ADE3CCA009F018F /* OAuth2Credential.swift */ = {isa = PBXFileReference; fileEncoding = 4; lastKnownFileType = sourcecode.swift; name = OAuth2Credential.swift; path = Models/OAuth2Credential.swift; sourceTree = "<group>"; };
		A8B212BB1A11EEDC005988DC /* SummaryChartViewController.swift */ = {isa = PBXFileReference; fileEncoding = 4; lastKnownFileType = sourcecode.swift; name = SummaryChartViewController.swift; path = ViewControllers/SummaryChartViewController.swift; sourceTree = "<group>"; };
		A8B212BF1A1204B2005988DC /* LineChartFooterView.swift */ = {isa = PBXFileReference; fileEncoding = 4; lastKnownFileType = sourcecode.swift; name = LineChartFooterView.swift; path = Views/LineChartFooterView.swift; sourceTree = "<group>"; };
		A8B39C381A41713E009F519E /* BaseChartViewController.swift */ = {isa = PBXFileReference; fileEncoding = 4; lastKnownFileType = sourcecode.swift; name = BaseChartViewController.swift; path = ViewControllers/BaseChartViewController.swift; sourceTree = "<group>"; };
		A8BC58B41A1DE4B2006CD44D /* DailyChartViewController.swift */ = {isa = PBXFileReference; fileEncoding = 4; lastKnownFileType = sourcecode.swift; name = DailyChartViewController.swift; path = ViewControllers/DailyChartViewController.swift; sourceTree = "<group>"; };
		A8CB1A5A1A789606002FA9F7 /* PromptLoginPresenter.swift */ = {isa = PBXFileReference; fileEncoding = 4; lastKnownFileType = sourcecode.swift; name = PromptLoginPresenter.swift; path = Protocols/PromptLoginPresenter.swift; sourceTree = "<group>"; };
		A8CB1A5C1A7898FF002FA9F7 /* PromptLoginController.swift */ = {isa = PBXFileReference; fileEncoding = 4; lastKnownFileType = sourcecode.swift; name = PromptLoginController.swift; path = ViewControllers/PromptLoginController.swift; sourceTree = "<group>"; };
		A8CB1A5F1A789929002FA9F7 /* ErrorAlertController.swift */ = {isa = PBXFileReference; fileEncoding = 4; lastKnownFileType = sourcecode.swift; name = ErrorAlertController.swift; path = ViewControllers/ErrorAlertController.swift; sourceTree = "<group>"; };
		A8CB1A611A789FD8002FA9F7 /* ErrorAlertPresenter.swift */ = {isa = PBXFileReference; fileEncoding = 4; lastKnownFileType = sourcecode.swift; name = ErrorAlertPresenter.swift; path = Protocols/ErrorAlertPresenter.swift; sourceTree = "<group>"; };
		A8E0AC3D1A66215F00D4E043 /* StateRestorable.swift */ = {isa = PBXFileReference; fileEncoding = 4; lastKnownFileType = sourcecode.swift; name = StateRestorable.swift; path = Protocols/StateRestorable.swift; sourceTree = "<group>"; };
		A8EB84561AD3C93E00F3638E /* Info.plist */ = {isa = PBXFileReference; lastKnownFileType = text.plist.xml; path = Info.plist; sourceTree = "<group>"; };
		A8EB84571AD3C93E00F3638E /* SummaryChartInterfaceController.swift */ = {isa = PBXFileReference; lastKnownFileType = sourcecode.swift; name = SummaryChartInterfaceController.swift; path = Interfaces/SummaryChartInterfaceController.swift; sourceTree = "<group>"; };
		A8EB84591AD3C93E00F3638E /* Images.xcassets */ = {isa = PBXFileReference; lastKnownFileType = folder.assetcatalog; path = Images.xcassets; sourceTree = "<group>"; };
		A8EB84631AD3C93E00F3638E /* Info.plist */ = {isa = PBXFileReference; lastKnownFileType = text.plist.xml; path = Info.plist; sourceTree = "<group>"; };
		A8EB84651AD3C93E00F3638E /* Base */ = {isa = PBXFileReference; lastKnownFileType = file.storyboard; name = Base; path = Base.lproj/Interface.storyboard; sourceTree = "<group>"; };
		A8EB84671AD3C93E00F3638E /* Images.xcassets */ = {isa = PBXFileReference; lastKnownFileType = folder.assetcatalog; path = Images.xcassets; sourceTree = "<group>"; };
		A8EB84801AD3CA2200F3638E /* ServiceListInterfaceController.swift */ = {isa = PBXFileReference; fileEncoding = 4; lastKnownFileType = sourcecode.swift; name = ServiceListInterfaceController.swift; path = Interfaces/ServiceListInterfaceController.swift; sourceTree = "<group>"; };
		A8EB84821AD3CA8C00F3638E /* ServiceListCellController.swift */ = {isa = PBXFileReference; fileEncoding = 4; lastKnownFileType = sourcecode.swift; name = ServiceListCellController.swift; path = Interfaces/ServiceListCellController.swift; sourceTree = "<group>"; };
		A8EB848E1AD3CFCD00F3638E /* AvailabilityChartScene.swift */ = {isa = PBXFileReference; fileEncoding = 4; lastKnownFileType = sourcecode.swift; path = AvailabilityChartScene.swift; sourceTree = "<group>"; };
		A8EB84901AD3CFCD00F3638E /* SummaryChartScene.swift */ = {isa = PBXFileReference; fileEncoding = 4; lastKnownFileType = sourcecode.swift; path = SummaryChartScene.swift; sourceTree = "<group>"; };
		A8F036FB1A6CD0ED00DEFA61 /* SettingTableViewController.swift */ = {isa = PBXFileReference; fileEncoding = 4; lastKnownFileType = sourcecode.swift; name = SettingTableViewController.swift; path = ViewControllers/SettingTableViewController.swift; sourceTree = "<group>"; };
		A8F2069E1AD3F8E200EE9BD5 /* DailyChartInterfaceController.swift */ = {isa = PBXFileReference; fileEncoding = 4; lastKnownFileType = sourcecode.swift; name = DailyChartInterfaceController.swift; path = Interfaces/DailyChartInterfaceController.swift; sourceTree = "<group>"; };
		A8F206A11AD3F92500EE9BD5 /* AvailabilityChartInterfaceController.swift */ = {isa = PBXFileReference; fileEncoding = 4; lastKnownFileType = sourcecode.swift; name = AvailabilityChartInterfaceController.swift; path = Interfaces/AvailabilityChartInterfaceController.swift; sourceTree = "<group>"; };
/* End PBXFileReference section */

/* Begin PBXFrameworksBuildPhase section */
		A80592581ADD20ED0057840B /* Frameworks */ = {
			isa = PBXFrameworksBuildPhase;
			buildActionMask = 2147483647;
			files = (
				A8AC38861ADE31A5009F018F /* GraphPONDataKit.framework in Frameworks */,
				A805928A1ADD216D0057840B /* XYDoughnutChart.framework in Frameworks */,
				A80592871ADD216A0057840B /* JBChartFramework.framework in Frameworks */,
			);
			runOnlyForDeploymentPostprocessing = 0;
		};
		A80D19BD1A11CEDA0067A055 /* Frameworks */ = {
			isa = PBXFrameworksBuildPhase;
			buildActionMask = 2147483647;
			files = (
				A85FA8A71A5798FC00992948 /* SwiftyJSON.framework in Frameworks */,
				A804D4D21A4AD63C00F22CFE /* XYDoughnutChart.framework in Frameworks */,
				A8AC386A1ADE3111009F018F /* GraphPONDataKit.framework in Frameworks */,
				A874C0AC1A4BDE7200887932 /* Alamofire.framework in Frameworks */,
				A804D4D01A4AD63C00F22CFE /* JBChartFramework.framework in Frameworks */,
			);
			runOnlyForDeploymentPostprocessing = 0;
		};
		A80D19D41A11CEDA0067A055 /* Frameworks */ = {
			isa = PBXFrameworksBuildPhase;
			buildActionMask = 2147483647;
			files = (
				A8DCA1551A4E7C3900CE73D3 /* Alamofire.framework in Frameworks */,
				A8DCA1561A4E7C3900CE73D3 /* JBChartFramework.framework in Frameworks */,
				A8DCA1571A4E7C3900CE73D3 /* XYDoughnutChart.framework in Frameworks */,
			);
			runOnlyForDeploymentPostprocessing = 0;
		};
		A8AC384F1ADE3110009F018F /* Frameworks */ = {
			isa = PBXFrameworksBuildPhase;
			buildActionMask = 2147483647;
			files = (
				A8AC388A1ADE31CB009F018F /* Alamofire.framework in Frameworks */,
				A8AC388B1ADE31CF009F018F /* SwiftyJSON.framework in Frameworks */,
			);
			runOnlyForDeploymentPostprocessing = 0;
		};
		A8AC385A1ADE3111009F018F /* Frameworks */ = {
			isa = PBXFrameworksBuildPhase;
			buildActionMask = 2147483647;
			files = (
				A8AC385E1ADE3111009F018F /* GraphPONDataKit.framework in Frameworks */,
				A8AC389F1ADE371C009F018F /* SwiftyJSON.framework in Frameworks */,
				A8AC38A01ADE371C009F018F /* Alamofire.framework in Frameworks */,
			);
			runOnlyForDeploymentPostprocessing = 0;
		};
/* End PBXFrameworksBuildPhase section */

/* Begin PBXGroup section */
		A80748631A135617008ADC0A /* Extensions */ = {
			isa = PBXGroup;
			children = (
				A80748611A134417008ADC0A /* UIColor.swift */,
			);
			name = Extensions;
			sourceTree = "<group>";
		};
		A80D19B71A11CEDA0067A055 = {
			isa = PBXGroup;
			children = (
				A823DF371AA887300061A264 /* Config */,
				A80D19C21A11CEDA0067A055 /* graphPON iOS */,
				A80D19DA1A11CEDA0067A055 /* graphPON iOS Tests */,
				A8EB84731AD3C96200F3638E /* graphPON WatchKit */,
				A8AC38541ADE3110009F018F /* GraphPONDataKit */,
				A8AC38631ADE3111009F018F /* GraphPonDataKit Tests */,
				A80D19C11A11CEDA0067A055 /* Products */,
				F46B956D86CB6147453819A7 /* Frameworks */,
			);
			sourceTree = "<group>";
		};
		A80D19C11A11CEDA0067A055 /* Products */ = {
			isa = PBXGroup;
			children = (
				A80D19C01A11CEDA0067A055 /* graphPON.app */,
				A80D19D71A11CEDA0067A055 /* graphPONTests.xctest */,
				A805925B1ADD20ED0057840B /* graphPON WatchKit Extension.appex */,
				A80592681ADD20EE0057840B /* graphPON WatchKit App.app */,
				A8AC38531ADE3110009F018F /* GraphPONDataKit.framework */,
				A8AC385D1ADE3111009F018F /* GraphPONDataKitTests.xctest */,
			);
			name = Products;
			sourceTree = "<group>";
		};
		A80D19C21A11CEDA0067A055 /* graphPON iOS */ = {
			isa = PBXGroup;
			children = (
				A88D887B1ADD313000C0E2C4 /* graphPON.entitlements */,
				A80D19CE1A11CEDA0067A055 /* Images.xcassets */,
				A80D19C51A11CEDA0067A055 /* AppDelegate.swift */,
				A833C34C1A637E0800EBE788 /* Constants.swift */,
				A8867A0D1A304EA0001D8578 /* Protocols */,
				A8549EF71A2C6E47000308AD /* Models */,
				A8B212BA1A11EEB6005988DC /* ViewControllers */,
				A80D19E71A11D0BF0067A055 /* Views */,
				A80748631A135617008ADC0A /* Extensions */,
				A80D19C31A11CEDA0067A055 /* Supporting Files */,
			);
			path = "graphPON iOS";
			sourceTree = "<group>";
		};
		A80D19C31A11CEDA0067A055 /* Supporting Files */ = {
			isa = PBXGroup;
			children = (
				A858714A1A7766B3007C78C1 /* Localizable.strings */,
				A80D19C41A11CEDA0067A055 /* Info.plist */,
			);
			name = "Supporting Files";
			sourceTree = "<group>";
		};
		A80D19DA1A11CEDA0067A055 /* graphPON iOS Tests */ = {
			isa = PBXGroup;
			children = (
				A80D19DB1A11CEDA0067A055 /* Supporting Files */,
			);
			path = "graphPON iOS Tests";
			sourceTree = "<group>";
		};
		A80D19DB1A11CEDA0067A055 /* Supporting Files */ = {
			isa = PBXGroup;
			children = (
				A80D19DC1A11CEDA0067A055 /* Info.plist */,
			);
			name = "Supporting Files";
			sourceTree = "<group>";
		};
		A80D19E71A11D0BF0067A055 /* Views */ = {
			isa = PBXGroup;
			children = (
				A80D19CB1A11CEDA0067A055 /* Main.storyboard */,
				A80D19D01A11CEDA0067A055 /* LaunchScreen.xib */,
				A8B212BF1A1204B2005988DC /* LineChartFooterView.swift */,
				A8409FB81A16F4A8007573EC /* ChartViewContainerView.swift */,
				A83612831A3EB9E100BB1B3F /* RatioChartContainerView.swift */,
				A83F30EB1A2EF4AF00FE2D86 /* ChartInformationView.swift */,
				A8867A041A30333C001D8578 /* ExtendedNavBarView.swift */,
				A8131D071A6D076E007C7D14 /* SettingTableHdoServiceSwitchCell.swift */,
			);
			name = Views;
			sourceTree = "<group>";
		};
		A823DF371AA887300061A264 /* Config */ = {
			isa = PBXGroup;
			children = (
				A823DF381AA8874E0061A264 /* graphPON.xcconfig */,
				A856C4F81AA8897E007735C0 /* Test.xcconfig */,
			);
			name = Config;
			sourceTree = "<group>";
		};
		A8549EF71A2C6E47000308AD /* Models */ = {
			isa = PBXGroup;
			children = (
				A8AC38A51ADE3CCA009F018F /* OAuth2Credential.swift */,
			);
			name = Models;
			sourceTree = "<group>";
		};
		A85DB6441AD4F4DF009E6B37 /* Models */ = {
			isa = PBXGroup;
			children = (
				A85DB6451AD4F510009E6B37 /* Context.swift */,
			);
			name = Models;
			sourceTree = "<group>";
		};
		A8867A0D1A304EA0001D8578 /* Protocols */ = {
			isa = PBXGroup;
			children = (
				A8867A0E1A304EB0001D8578 /* HddServiceListTableViewControllerDelegate.swift */,
				A88398C11A5CF67700B3DE5B /* DisplayPacketLogsSelectTableViewControllerDelegate.swift */,
				A8E0AC3D1A66215F00D4E043 /* StateRestorable.swift */,
				A8131D091A6D1D00007C7D14 /* SettingTableHdoServiceSwitchCellDelegate.swift */,
				A8CB1A5A1A789606002FA9F7 /* PromptLoginPresenter.swift */,
				A8CB1A611A789FD8002FA9F7 /* ErrorAlertPresenter.swift */,
			);
			name = Protocols;
			sourceTree = "<group>";
		};
		A8AC38541ADE3110009F018F /* GraphPONDataKit */ = {
			isa = PBXGroup;
			children = (
				A8AC38571ADE3111009F018F /* GraphPONDataKit.h */,
				A8AC38721ADE3142009F018F /* Models */,
				A8AC38A11ADE3743009F018F /* Extensions */,
				A8AC38551ADE3110009F018F /* Supporting Files */,
			);
			path = GraphPONDataKit;
			sourceTree = "<group>";
		};
		A8AC38551ADE3110009F018F /* Supporting Files */ = {
			isa = PBXGroup;
			children = (
				A8AC38561ADE3111009F018F /* Info.plist */,
			);
			name = "Supporting Files";
			sourceTree = "<group>";
		};
		A8AC38631ADE3111009F018F /* GraphPonDataKit Tests */ = {
			isa = PBXGroup;
			children = (
				A8AC388C1ADE36B1009F018F /* GPUserDefaultsTests.swift */,
				A8AC388D1ADE36B1009F018F /* HddServiceTests.swift */,
				A8AC388E1ADE36B1009F018F /* HdoServiceTests.swift */,
				A8AC388F1ADE36B1009F018F /* OAuth2ClientTests.swift */,
				A8AC38901ADE36B1009F018F /* OAuth2CredentialTests.swift */,
				A8AC38641ADE3111009F018F /* Supporting Files */,
			);
			name = "GraphPonDataKit Tests";
			path = "GraphPONDataKit Tests";
			sourceTree = "<group>";
		};
		A8AC38641ADE3111009F018F /* Supporting Files */ = {
			isa = PBXGroup;
			children = (
				A8AC38651ADE3111009F018F /* Info.plist */,
			);
			name = "Supporting Files";
			sourceTree = "<group>";
		};
		A8AC38721ADE3142009F018F /* Models */ = {
			isa = PBXGroup;
			children = (
				A8AC38731ADE3148009F018F /* OAuth2 */,
				A8AC387A1ADE3192009F018F /* Coupon.swift */,
				A8AC387B1ADE3192009F018F /* GPUserDefaults.swift */,
				A8AC387C1ADE3192009F018F /* HddService.swift */,
				A8AC387D1ADE3192009F018F /* HdoService.swift */,
				A8AC387E1ADE3192009F018F /* PacketInfoManager.swift */,
				A8AC387F1ADE3192009F018F /* PacketLog.swift */,
			);
			name = Models;
			sourceTree = "<group>";
		};
		A8AC38731ADE3148009F018F /* OAuth2 */ = {
			isa = PBXGroup;
			children = (
				A8AC38741ADE3184009F018F /* OAuth2Client.swift */,
				A8AC38751ADE3184009F018F /* OAuth2Credential.swift */,
				A8AC38761ADE3184009F018F /* OAuth2Router.swift */,
			);
			name = OAuth2;
			sourceTree = "<group>";
		};
		A8AC38A11ADE3743009F018F /* Extensions */ = {
			isa = PBXGroup;
			children = (
				A8AC38A21ADE3765009F018F /* NSDate.swift */,
			);
			name = Extensions;
			sourceTree = "<group>";
		};
		A8B212B91A11EEAB005988DC /* CharViewControllers */ = {
			isa = PBXGroup;
			children = (
				A8B39C381A41713E009F519E /* BaseChartViewController.swift */,
				A8B212BB1A11EEDC005988DC /* SummaryChartViewController.swift */,
				A8BC58B41A1DE4B2006CD44D /* DailyChartViewController.swift */,
				A83612811A3EB7E300BB1B3F /* RatioChartViewController.swift */,
				A857096C1A723DD100A11F2D /* AvailabilityChartViewController.swift */,
			);
			name = CharViewControllers;
			sourceTree = "<group>";
		};
		A8B212BA1A11EEB6005988DC /* ViewControllers */ = {
			isa = PBXGroup;
			children = (
				A8CB1A5E1A789909002FA9F7 /* AlertControllers */,
				A8B212B91A11EEAB005988DC /* CharViewControllers */,
				A8F036FB1A6CD0ED00DEFA61 /* SettingTableViewController.swift */,
				A8867A0B1A304E8B001D8578 /* HddServiceListTableViewController.swift */,
				A88398BF1A5CF40700B3DE5B /* DisplayPacketLogsSelectTableViewController.swift */,
			);
			name = ViewControllers;
			sourceTree = "<group>";
		};
		A8CB1A5E1A789909002FA9F7 /* AlertControllers */ = {
			isa = PBXGroup;
			children = (
				A8CB1A5C1A7898FF002FA9F7 /* PromptLoginController.swift */,
				A8CB1A5F1A789929002FA9F7 /* ErrorAlertController.swift */,
			);
			name = AlertControllers;
			sourceTree = "<group>";
		};
		A8EB84541AD3C93E00F3638E /* graphPON WatchKit Extension */ = {
			isa = PBXGroup;
			children = (
				A85DB6441AD4F4DF009E6B37 /* Models */,
				A8EB848D1AD3CF6D00F3638E /* Interfaces */,
				A8EB848C1AD3CF6200F3638E /* Scenes */,
				A8EB84591AD3C93E00F3638E /* Images.xcassets */,
				A8EB84551AD3C93E00F3638E /* Supporting Files */,
			);
			path = "graphPON WatchKit Extension";
			sourceTree = "<group>";
		};
		A8EB84551AD3C93E00F3638E /* Supporting Files */ = {
			isa = PBXGroup;
			children = (
				A8EB84561AD3C93E00F3638E /* Info.plist */,
			);
			name = "Supporting Files";
			sourceTree = "<group>";
		};
		A8EB84611AD3C93E00F3638E /* graphPON WatchKit App */ = {
			isa = PBXGroup;
			children = (
				A8EB84641AD3C93E00F3638E /* Interface.storyboard */,
				A8EB84671AD3C93E00F3638E /* Images.xcassets */,
				A8EB84621AD3C93E00F3638E /* Supporting Files */,
			);
			path = "graphPON WatchKit App";
			sourceTree = "<group>";
		};
		A8EB84621AD3C93E00F3638E /* Supporting Files */ = {
			isa = PBXGroup;
			children = (
				A8EB84631AD3C93E00F3638E /* Info.plist */,
			);
			name = "Supporting Files";
			sourceTree = "<group>";
		};
		A8EB84731AD3C96200F3638E /* graphPON WatchKit */ = {
			isa = PBXGroup;
			children = (
				A88D887C1ADD315C00C0E2C4 /* graphPON WatchKit Extension.entitlements */,
				A85DB6471AD50323009E6B37 /* Settings-Watch.bundle */,
				A8EB84541AD3C93E00F3638E /* graphPON WatchKit Extension */,
				A8EB84611AD3C93E00F3638E /* graphPON WatchKit App */,
			);
			name = "graphPON WatchKit";
			sourceTree = "<group>";
		};
		A8EB848C1AD3CF6200F3638E /* Scenes */ = {
			isa = PBXGroup;
			children = (
				A8EB84901AD3CFCD00F3638E /* SummaryChartScene.swift */,
				A83C5E161ADD3BD6002104F8 /* DailyChartScene.swift */,
				A8EB848E1AD3CFCD00F3638E /* AvailabilityChartScene.swift */,
			);
			path = Scenes;
			sourceTree = "<group>";
		};
		A8EB848D1AD3CF6D00F3638E /* Interfaces */ = {
			isa = PBXGroup;
			children = (
				A85C01801ADCF498002FEC47 /* InitialInterfaceController.swift */,
				A8EB84571AD3C93E00F3638E /* SummaryChartInterfaceController.swift */,
				A8F2069E1AD3F8E200EE9BD5 /* DailyChartInterfaceController.swift */,
				A8F206A11AD3F92500EE9BD5 /* AvailabilityChartInterfaceController.swift */,
				A8EB84801AD3CA2200F3638E /* ServiceListInterfaceController.swift */,
				A8EB84821AD3CA8C00F3638E /* ServiceListCellController.swift */,
			);
			name = Interfaces;
			sourceTree = "<group>";
		};
		F46B956D86CB6147453819A7 /* Frameworks */ = {
			isa = PBXGroup;
			children = (
				A85FA8A61A5798FC00992948 /* SwiftyJSON.framework */,
				A874C0AB1A4BDE7200887932 /* Alamofire.framework */,
				A804D4CC1A4AD62D00F22CFE /* JBChartFramework.framework */,
				A804D4CD1A4AD62D00F22CFE /* XYDoughnutChart.framework */,
			);
			name = Frameworks;
			sourceTree = "<group>";
		};
/* End PBXGroup section */

/* Begin PBXHeadersBuildPhase section */
		A8AC38501ADE3110009F018F /* Headers */ = {
			isa = PBXHeadersBuildPhase;
			buildActionMask = 2147483647;
			files = (
				A8AC38581ADE3111009F018F /* GraphPONDataKit.h in Headers */,
			);
			runOnlyForDeploymentPostprocessing = 0;
		};
/* End PBXHeadersBuildPhase section */

/* Begin PBXNativeTarget section */
		A805925A1ADD20ED0057840B /* graphPON WatchKit Extension */ = {
			isa = PBXNativeTarget;
			buildConfigurationList = A805927A1ADD20EE0057840B /* Build configuration list for PBXNativeTarget "graphPON WatchKit Extension" */;
			buildPhases = (
				A80592571ADD20ED0057840B /* Sources */,
				A80592581ADD20ED0057840B /* Frameworks */,
				A80592591ADD20ED0057840B /* Resources */,
				A80592891ADD216A0057840B /* Embed Frameworks */,
			);
			buildRules = (
			);
			dependencies = (
				A805926B1ADD20EE0057840B /* PBXTargetDependency */,
				A8AC38891ADE31A5009F018F /* PBXTargetDependency */,
			);
			name = "graphPON WatchKit Extension";
			productName = "graphPON WatchKit Extension";
			productReference = A805925B1ADD20ED0057840B /* graphPON WatchKit Extension.appex */;
			productType = "com.apple.product-type.watchkit-extension";
		};
		A80592671ADD20EE0057840B /* graphPON WatchKit App */ = {
			isa = PBXNativeTarget;
			buildConfigurationList = A80592771ADD20EE0057840B /* Build configuration list for PBXNativeTarget "graphPON WatchKit App" */;
			buildPhases = (
				A80592661ADD20EE0057840B /* Resources */,
			);
			buildRules = (
			);
			dependencies = (
			);
			name = "graphPON WatchKit App";
			productName = "graphPON WatchKit App";
			productReference = A80592681ADD20EE0057840B /* graphPON WatchKit App.app */;
			productType = "com.apple.product-type.application.watchapp";
		};
		A80D19BF1A11CEDA0067A055 /* graphPON */ = {
			isa = PBXNativeTarget;
			buildConfigurationList = A80D19E11A11CEDA0067A055 /* Build configuration list for PBXNativeTarget "graphPON" */;
			buildPhases = (
				A80D19BC1A11CEDA0067A055 /* Sources */,
				A80D19BD1A11CEDA0067A055 /* Frameworks */,
				A80D19BE1A11CEDA0067A055 /* Resources */,
				A84063231A484CFF0064A06A /* Embed Frameworks */,
				A8EB84721AD3C93E00F3638E /* Embed App Extensions */,
			);
			buildRules = (
			);
			dependencies = (
				A80592751ADD20EE0057840B /* PBXTargetDependency */,
				A8AC38691ADE3111009F018F /* PBXTargetDependency */,
			);
			name = graphPON;
			productName = graphPON;
			productReference = A80D19C01A11CEDA0067A055 /* graphPON.app */;
			productType = "com.apple.product-type.application";
		};
		A80D19D61A11CEDA0067A055 /* graphPONTests */ = {
			isa = PBXNativeTarget;
			buildConfigurationList = A80D19E41A11CEDA0067A055 /* Build configuration list for PBXNativeTarget "graphPONTests" */;
			buildPhases = (
				A80D19D31A11CEDA0067A055 /* Sources */,
				A80D19D41A11CEDA0067A055 /* Frameworks */,
				A80D19D51A11CEDA0067A055 /* Resources */,
			);
			buildRules = (
			);
			dependencies = (
				A80D19D91A11CEDA0067A055 /* PBXTargetDependency */,
			);
			name = graphPONTests;
			productName = graphPONTests;
			productReference = A80D19D71A11CEDA0067A055 /* graphPONTests.xctest */;
			productType = "com.apple.product-type.bundle.unit-test";
		};
		A8AC38521ADE3110009F018F /* GraphPONDataKit */ = {
			isa = PBXNativeTarget;
			buildConfigurationList = A8AC386C1ADE3111009F018F /* Build configuration list for PBXNativeTarget "GraphPONDataKit" */;
			buildPhases = (
				A8AC384E1ADE3110009F018F /* Sources */,
				A8AC384F1ADE3110009F018F /* Frameworks */,
				A8AC38501ADE3110009F018F /* Headers */,
				A8AC38511ADE3110009F018F /* Resources */,
			);
			buildRules = (
			);
			dependencies = (
			);
			name = GraphPONDataKit;
			productName = GraphPonDataKit;
			productReference = A8AC38531ADE3110009F018F /* GraphPONDataKit.framework */;
			productType = "com.apple.product-type.framework";
		};
		A8AC385C1ADE3111009F018F /* GraphPONDataKitTests */ = {
			isa = PBXNativeTarget;
			buildConfigurationList = A8AC386F1ADE3111009F018F /* Build configuration list for PBXNativeTarget "GraphPONDataKitTests" */;
			buildPhases = (
				A8AC38591ADE3111009F018F /* Sources */,
				A8AC385A1ADE3111009F018F /* Frameworks */,
				A8AC385B1ADE3111009F018F /* Resources */,
			);
			buildRules = (
			);
			dependencies = (
				A8AC38601ADE3111009F018F /* PBXTargetDependency */,
				A8AC38621ADE3111009F018F /* PBXTargetDependency */,
			);
			name = GraphPONDataKitTests;
			productName = GraphPonDataKitTests;
			productReference = A8AC385D1ADE3111009F018F /* GraphPONDataKitTests.xctest */;
			productType = "com.apple.product-type.bundle.unit-test";
		};
/* End PBXNativeTarget section */

/* Begin PBXProject section */
		A80D19B81A11CEDA0067A055 /* Project object */ = {
			isa = PBXProject;
			attributes = {
				LastUpgradeCheck = 0610;
				ORGANIZATIONNAME = yasuoza.com;
				TargetAttributes = {
					A805925A1ADD20ED0057840B = {
						CreatedOnToolsVersion = 6.3;
						DevelopmentTeam = 672SW64532;
						SystemCapabilities = {
							com.apple.ApplicationGroups.iOS = {
								enabled = 1;
							};
							com.apple.Keychain = {
								enabled = 1;
							};
						};
					};
					A80592671ADD20EE0057840B = {
						CreatedOnToolsVersion = 6.3;
						DevelopmentTeam = 672SW64532;
					};
					A80D19BF1A11CEDA0067A055 = {
						CreatedOnToolsVersion = 6.1;
						DevelopmentTeam = 672SW64532;
						SystemCapabilities = {
							com.apple.ApplicationGroups.iOS = {
								enabled = 1;
							};
							com.apple.Keychain = {
								enabled = 1;
							};
						};
					};
					A80D19D61A11CEDA0067A055 = {
						CreatedOnToolsVersion = 6.1;
						TestTargetID = A80D19BF1A11CEDA0067A055;
					};
					A8AC38521ADE3110009F018F = {
						CreatedOnToolsVersion = 6.3;
						DevelopmentTeam = 672SW64532;
					};
					A8AC385C1ADE3111009F018F = {
						CreatedOnToolsVersion = 6.3;
						TestTargetID = A80D19BF1A11CEDA0067A055;
					};
				};
			};
			buildConfigurationList = A80D19BB1A11CEDA0067A055 /* Build configuration list for PBXProject "graphPON" */;
			compatibilityVersion = "Xcode 3.2";
			developmentRegion = English;
			hasScannedForEncodings = 0;
			knownRegions = (
				en,
				Base,
				ja,
			);
			mainGroup = A80D19B71A11CEDA0067A055;
			productRefGroup = A80D19C11A11CEDA0067A055 /* Products */;
			projectDirPath = "";
			projectRoot = "";
			targets = (
				A80D19BF1A11CEDA0067A055 /* graphPON */,
				A80D19D61A11CEDA0067A055 /* graphPONTests */,
				A805925A1ADD20ED0057840B /* graphPON WatchKit Extension */,
				A80592671ADD20EE0057840B /* graphPON WatchKit App */,
				A8AC38521ADE3110009F018F /* GraphPONDataKit */,
				A8AC385C1ADE3111009F018F /* GraphPONDataKitTests */,
			);
		};
/* End PBXProject section */

/* Begin PBXResourcesBuildPhase section */
		A80592591ADD20ED0057840B /* Resources */ = {
			isa = PBXResourcesBuildPhase;
			buildActionMask = 2147483647;
			files = (
				A80592691ADD20EE0057840B /* graphPON WatchKit App.app in Resources */,
			);
			runOnlyForDeploymentPostprocessing = 0;
		};
		A80592661ADD20EE0057840B /* Resources */ = {
			isa = PBXResourcesBuildPhase;
			buildActionMask = 2147483647;
			files = (
				A83C5E181ADD43DA002104F8 /* Interface.storyboard in Resources */,
				A88D887A1ADD301C00C0E2C4 /* Images.xcassets in Resources */,
			);
			runOnlyForDeploymentPostprocessing = 0;
		};
		A80D19BE1A11CEDA0067A055 /* Resources */ = {
			isa = PBXResourcesBuildPhase;
			buildActionMask = 2147483647;
			files = (
				A858714C1A7766B3007C78C1 /* Localizable.strings in Resources */,
				A8B833AB1AD505D90019132F /* Settings-Watch.bundle in Resources */,
				A80D19CD1A11CEDA0067A055 /* Main.storyboard in Resources */,
				A80D19D21A11CEDA0067A055 /* LaunchScreen.xib in Resources */,
				A80D19CF1A11CEDA0067A055 /* Images.xcassets in Resources */,
			);
			runOnlyForDeploymentPostprocessing = 0;
		};
		A80D19D51A11CEDA0067A055 /* Resources */ = {
			isa = PBXResourcesBuildPhase;
			buildActionMask = 2147483647;
			files = (
			);
			runOnlyForDeploymentPostprocessing = 0;
		};
		A8AC38511ADE3110009F018F /* Resources */ = {
			isa = PBXResourcesBuildPhase;
			buildActionMask = 2147483647;
			files = (
			);
			runOnlyForDeploymentPostprocessing = 0;
		};
		A8AC385B1ADE3111009F018F /* Resources */ = {
			isa = PBXResourcesBuildPhase;
			buildActionMask = 2147483647;
			files = (
			);
			runOnlyForDeploymentPostprocessing = 0;
		};
/* End PBXResourcesBuildPhase section */

/* Begin PBXSourcesBuildPhase section */
		A80592571ADD20ED0057840B /* Sources */ = {
			isa = PBXSourcesBuildPhase;
			buildActionMask = 2147483647;
			files = (
				A83C5E171ADD3BD6002104F8 /* DailyChartScene.swift in Sources */,
				A80592831ADD21120057840B /* ServiceListCellController.swift in Sources */,
				A83C5E151ADD3B6F002104F8 /* DailyChartInterfaceController.swift in Sources */,
				A80592821ADD21120057840B /* ServiceListInterfaceController.swift in Sources */,
				A805927F1ADD21120057840B /* SummaryChartInterfaceController.swift in Sources */,
				A805927E1ADD21120057840B /* InitialInterfaceController.swift in Sources */,
				A805927D1ADD21120057840B /* Context.swift in Sources */,
				A80592841ADD21120057840B /* SummaryChartScene.swift in Sources */,
				A80592851ADD21120057840B /* AvailabilityChartScene.swift in Sources */,
				A80592811ADD21120057840B /* AvailabilityChartInterfaceController.swift in Sources */,
			);
			runOnlyForDeploymentPostprocessing = 0;
		};
		A80D19BC1A11CEDA0067A055 /* Sources */ = {
			isa = PBXSourcesBuildPhase;
			buildActionMask = 2147483647;
			files = (
				A8B212C01A1204B2005988DC /* LineChartFooterView.swift in Sources */,
				A8CB1A5D1A7898FF002FA9F7 /* PromptLoginController.swift in Sources */,
				A83F30EC1A2EF4AF00FE2D86 /* ChartInformationView.swift in Sources */,
				A8867A0C1A304E8B001D8578 /* HddServiceListTableViewController.swift in Sources */,
				A83612821A3EB7E300BB1B3F /* RatioChartViewController.swift in Sources */,
				A8BC58B51A1DE4B2006CD44D /* DailyChartViewController.swift in Sources */,
				A857096D1A723DD100A11F2D /* AvailabilityChartViewController.swift in Sources */,
				A8131D0A1A6D1D00007C7D14 /* SettingTableHdoServiceSwitchCellDelegate.swift in Sources */,
				A8CB1A621A789FD8002FA9F7 /* ErrorAlertPresenter.swift in Sources */,
				A80748621A134417008ADC0A /* UIColor.swift in Sources */,
				A8CB1A601A789929002FA9F7 /* ErrorAlertController.swift in Sources */,
				A80D19C61A11CEDA0067A055 /* AppDelegate.swift in Sources */,
				A8867A0F1A304EB0001D8578 /* HddServiceListTableViewControllerDelegate.swift in Sources */,
				A88398C01A5CF40700B3DE5B /* DisplayPacketLogsSelectTableViewController.swift in Sources */,
				A8409FB91A16F4A8007573EC /* ChartViewContainerView.swift in Sources */,
				A8AC38A61ADE3CCA009F018F /* OAuth2Credential.swift in Sources */,
				A8131D081A6D076E007C7D14 /* SettingTableHdoServiceSwitchCell.swift in Sources */,
				A83612841A3EB9E100BB1B3F /* RatioChartContainerView.swift in Sources */,
				A8B212BC1A11EEDC005988DC /* SummaryChartViewController.swift in Sources */,
				A8B39C391A41713E009F519E /* BaseChartViewController.swift in Sources */,
				A8F036FC1A6CD0ED00DEFA61 /* SettingTableViewController.swift in Sources */,
				A8E0AC3E1A66215F00D4E043 /* StateRestorable.swift in Sources */,
				A8867A051A30333C001D8578 /* ExtendedNavBarView.swift in Sources */,
				A88398C21A5CF67700B3DE5B /* DisplayPacketLogsSelectTableViewControllerDelegate.swift in Sources */,
				A833C34D1A637E0800EBE788 /* Constants.swift in Sources */,
				A8CB1A5B1A789606002FA9F7 /* PromptLoginPresenter.swift in Sources */,
			);
			runOnlyForDeploymentPostprocessing = 0;
		};
		A80D19D31A11CEDA0067A055 /* Sources */ = {
			isa = PBXSourcesBuildPhase;
			buildActionMask = 2147483647;
			files = (
				A8AC38A71ADE3CCA009F018F /* OAuth2Credential.swift in Sources */,
			);
			runOnlyForDeploymentPostprocessing = 0;
		};
		A8AC384E1ADE3110009F018F /* Sources */ = {
			isa = PBXSourcesBuildPhase;
			buildActionMask = 2147483647;
			files = (
				A8AC38821ADE3192009F018F /* HddService.swift in Sources */,
				A8AC38841ADE3192009F018F /* PacketInfoManager.swift in Sources */,
				A8AC38771ADE3184009F018F /* OAuth2Client.swift in Sources */,
				A8AC38781ADE3184009F018F /* OAuth2Credential.swift in Sources */,
				A8AC38A31ADE3765009F018F /* NSDate.swift in Sources */,
				A8AC38851ADE3192009F018F /* PacketLog.swift in Sources */,
				A8AC38791ADE3184009F018F /* OAuth2Router.swift in Sources */,
				A8AC38811ADE3192009F018F /* GPUserDefaults.swift in Sources */,
				A8AC38801ADE3192009F018F /* Coupon.swift in Sources */,
				A8AC38831ADE3192009F018F /* HdoService.swift in Sources */,
			);
			runOnlyForDeploymentPostprocessing = 0;
		};
		A8AC38591ADE3111009F018F /* Sources */ = {
			isa = PBXSourcesBuildPhase;
			buildActionMask = 2147483647;
			files = (
				A8AC38931ADE36B1009F018F /* HdoServiceTests.swift in Sources */,
				A8AC38981ADE36F6009F018F /* OAuth2Router.swift in Sources */,
				A8AC38961ADE36F6009F018F /* OAuth2Client.swift in Sources */,
				A8AC389D1ADE36F6009F018F /* PacketInfoManager.swift in Sources */,
				A8AC38A41ADE3765009F018F /* NSDate.swift in Sources */,
				A8AC389B1ADE36F6009F018F /* HddService.swift in Sources */,
				A8AC389A1ADE36F6009F018F /* GPUserDefaults.swift in Sources */,
				A8AC38991ADE36F6009F018F /* Coupon.swift in Sources */,
				A8AC38951ADE36B1009F018F /* OAuth2CredentialTests.swift in Sources */,
				A8AC389C1ADE36F6009F018F /* HdoService.swift in Sources */,
				A8AC38971ADE36F6009F018F /* OAuth2Credential.swift in Sources */,
				A8AC389E1ADE36F6009F018F /* PacketLog.swift in Sources */,
				A8AC38921ADE36B1009F018F /* HddServiceTests.swift in Sources */,
				A8AC38911ADE36B1009F018F /* GPUserDefaultsTests.swift in Sources */,
				A8AC38941ADE36B1009F018F /* OAuth2ClientTests.swift in Sources */,
			);
			runOnlyForDeploymentPostprocessing = 0;
		};
/* End PBXSourcesBuildPhase section */

/* Begin PBXTargetDependency section */
		A805926B1ADD20EE0057840B /* PBXTargetDependency */ = {
			isa = PBXTargetDependency;
			target = A80592671ADD20EE0057840B /* graphPON WatchKit App */;
			targetProxy = A805926A1ADD20EE0057840B /* PBXContainerItemProxy */;
		};
		A80592751ADD20EE0057840B /* PBXTargetDependency */ = {
			isa = PBXTargetDependency;
			target = A805925A1ADD20ED0057840B /* graphPON WatchKit Extension */;
			targetProxy = A80592741ADD20EE0057840B /* PBXContainerItemProxy */;
		};
		A80D19D91A11CEDA0067A055 /* PBXTargetDependency */ = {
			isa = PBXTargetDependency;
			target = A80D19BF1A11CEDA0067A055 /* graphPON */;
			targetProxy = A80D19D81A11CEDA0067A055 /* PBXContainerItemProxy */;
		};
		A8AC38601ADE3111009F018F /* PBXTargetDependency */ = {
			isa = PBXTargetDependency;
			target = A8AC38521ADE3110009F018F /* GraphPONDataKit */;
			targetProxy = A8AC385F1ADE3111009F018F /* PBXContainerItemProxy */;
		};
		A8AC38621ADE3111009F018F /* PBXTargetDependency */ = {
			isa = PBXTargetDependency;
			target = A80D19BF1A11CEDA0067A055 /* graphPON */;
			targetProxy = A8AC38611ADE3111009F018F /* PBXContainerItemProxy */;
		};
		A8AC38691ADE3111009F018F /* PBXTargetDependency */ = {
			isa = PBXTargetDependency;
			target = A8AC38521ADE3110009F018F /* GraphPONDataKit */;
			targetProxy = A8AC38681ADE3111009F018F /* PBXContainerItemProxy */;
		};
		A8AC38891ADE31A5009F018F /* PBXTargetDependency */ = {
			isa = PBXTargetDependency;
			target = A8AC38521ADE3110009F018F /* GraphPONDataKit */;
			targetProxy = A8AC38881ADE31A5009F018F /* PBXContainerItemProxy */;
		};
/* End PBXTargetDependency section */

/* Begin PBXVariantGroup section */
		A80D19CB1A11CEDA0067A055 /* Main.storyboard */ = {
			isa = PBXVariantGroup;
			children = (
				A80D19CC1A11CEDA0067A055 /* Base */,
				A85871461A776109007C78C1 /* ja */,
			);
			name = Main.storyboard;
			sourceTree = "<group>";
		};
		A80D19D01A11CEDA0067A055 /* LaunchScreen.xib */ = {
			isa = PBXVariantGroup;
			children = (
				A80D19D11A11CEDA0067A055 /* Base */,
			);
			name = LaunchScreen.xib;
			sourceTree = "<group>";
		};
		A858714A1A7766B3007C78C1 /* Localizable.strings */ = {
			isa = PBXVariantGroup;
			children = (
				A858714B1A7766B3007C78C1 /* Base */,
				A858714F1A7768C2007C78C1 /* ja */,
			);
			name = Localizable.strings;
			sourceTree = "<group>";
		};
		A8EB84641AD3C93E00F3638E /* Interface.storyboard */ = {
			isa = PBXVariantGroup;
			children = (
				A8EB84651AD3C93E00F3638E /* Base */,
			);
			name = Interface.storyboard;
			sourceTree = "<group>";
		};
/* End PBXVariantGroup section */

/* Begin XCBuildConfiguration section */
		A80592781ADD20EE0057840B /* Debug */ = {
			isa = XCBuildConfiguration;
			buildSettings = {
				ASSETCATALOG_COMPILER_APPICON_NAME = AppIcon;
				CLANG_ENABLE_MODULES = YES;
				CODE_SIGN_IDENTITY = "iPhone Developer";
				DEBUG_INFORMATION_FORMAT = "dwarf-with-dsym";
				GCC_NO_COMMON_BLOCKS = YES;
				GCC_PREPROCESSOR_DEFINITIONS = (
					"DEBUG=1",
					"$(inherited)",
				);
				IBSC_MODULE = graphPON_WatchKit_Extension;
				INFOPLIST_FILE = "graphPON WatchKit App/Info.plist";
				IPHONEOS_DEPLOYMENT_TARGET = 8.2;
				LD_RUNPATH_SEARCH_PATHS = "$(inherited) @executable_path/Frameworks @loader_path/Frameworks";
				PRODUCT_NAME = "$(TARGET_NAME)";
				SKIP_INSTALL = YES;
				SWIFT_OPTIMIZATION_LEVEL = "-Onone";
				TARGETED_DEVICE_FAMILY = 4;
				"TARGETED_DEVICE_FAMILY[sdk=iphonesimulator*]" = "1,4";
			};
			name = Debug;
		};
		A80592791ADD20EE0057840B /* Release */ = {
			isa = XCBuildConfiguration;
			buildSettings = {
				ASSETCATALOG_COMPILER_APPICON_NAME = AppIcon;
				CLANG_ENABLE_MODULES = YES;
				CODE_SIGN_IDENTITY = "iPhone Distribution";
				"CODE_SIGN_IDENTITY[sdk=iphoneos*]" = "iPhone Distribution";
				COPY_PHASE_STRIP = NO;
				DEBUG_INFORMATION_FORMAT = "dwarf-with-dsym";
				GCC_NO_COMMON_BLOCKS = YES;
				IBSC_MODULE = graphPON_WatchKit_Extension;
				INFOPLIST_FILE = "graphPON WatchKit App/Info.plist";
				IPHONEOS_DEPLOYMENT_TARGET = 8.2;
				LD_RUNPATH_SEARCH_PATHS = "$(inherited) @executable_path/Frameworks @loader_path/Frameworks";
				PRODUCT_NAME = "$(TARGET_NAME)";
				SKIP_INSTALL = YES;
				TARGETED_DEVICE_FAMILY = 4;
				"TARGETED_DEVICE_FAMILY[sdk=iphonesimulator*]" = "1,4";
			};
			name = Release;
		};
		A805927B1ADD20EE0057840B /* Debug */ = {
			isa = XCBuildConfiguration;
			buildSettings = {
				CODE_SIGN_ENTITLEMENTS = "graphPON WatchKit Extension/graphPON WatchKit Extension.entitlements";
				CODE_SIGN_IDENTITY = "iPhone Developer";
				"CODE_SIGN_IDENTITY[sdk=iphoneos*]" = "iPhone Developer";
				DEBUG_INFORMATION_FORMAT = "dwarf-with-dsym";
				EMBEDDED_CONTENT_CONTAINS_SWIFT = YES;
				FRAMEWORK_SEARCH_PATHS = (
					"$(inherited)",
					"$(PROJECT_DIR)/Carthage/Build/iOS",
				);
				GCC_NO_COMMON_BLOCKS = YES;
				GCC_PREPROCESSOR_DEFINITIONS = (
					"DEBUG=1",
					"$(inherited)",
				);
				INFOPLIST_FILE = "graphPON WatchKit Extension/Info.plist";
				IPHONEOS_DEPLOYMENT_TARGET = 8.2;
				LD_RUNPATH_SEARCH_PATHS = "$(inherited) @executable_path/Frameworks @executable_path/../../Frameworks";
				PRODUCT_NAME = "${TARGET_NAME}";
				PROVISIONING_PROFILE = "";
				SKIP_INSTALL = YES;
			};
			name = Debug;
		};
		A805927C1ADD20EE0057840B /* Release */ = {
			isa = XCBuildConfiguration;
			buildSettings = {
				CODE_SIGN_ENTITLEMENTS = "graphPON WatchKit Extension/graphPON WatchKit Extension.entitlements";
				CODE_SIGN_IDENTITY = "iPhone Distribution";
				"CODE_SIGN_IDENTITY[sdk=iphoneos*]" = "iPhone Distribution";
				COPY_PHASE_STRIP = NO;
				DEBUG_INFORMATION_FORMAT = "dwarf-with-dsym";
				EMBEDDED_CONTENT_CONTAINS_SWIFT = YES;
				FRAMEWORK_SEARCH_PATHS = (
					"$(inherited)",
					"$(PROJECT_DIR)/Carthage/Build/iOS",
				);
				GCC_NO_COMMON_BLOCKS = YES;
				INFOPLIST_FILE = "graphPON WatchKit Extension/Info.plist";
				IPHONEOS_DEPLOYMENT_TARGET = 8.2;
				LD_RUNPATH_SEARCH_PATHS = "$(inherited) @executable_path/Frameworks @executable_path/../../Frameworks";
				PRODUCT_NAME = "${TARGET_NAME}";
				PROVISIONING_PROFILE = "";
				SKIP_INSTALL = YES;
			};
			name = Release;
		};
		A80D19DF1A11CEDA0067A055 /* Debug */ = {
			isa = XCBuildConfiguration;
			baseConfigurationReference = A823DF381AA8874E0061A264 /* graphPON.xcconfig */;
			buildSettings = {
				ALWAYS_SEARCH_USER_PATHS = NO;
				CLANG_CXX_LANGUAGE_STANDARD = "gnu++0x";
				CLANG_CXX_LIBRARY = "libc++";
				CLANG_ENABLE_MODULES = YES;
				CLANG_ENABLE_OBJC_ARC = YES;
				CLANG_WARN_BOOL_CONVERSION = YES;
				CLANG_WARN_CONSTANT_CONVERSION = YES;
				CLANG_WARN_DIRECT_OBJC_ISA_USAGE = YES_ERROR;
				CLANG_WARN_EMPTY_BODY = YES;
				CLANG_WARN_ENUM_CONVERSION = YES;
				CLANG_WARN_INT_CONVERSION = YES;
				CLANG_WARN_OBJC_ROOT_CLASS = YES_ERROR;
				CLANG_WARN_UNREACHABLE_CODE = YES;
				CLANG_WARN__DUPLICATE_METHOD_MATCH = YES;
				"CODE_SIGN_IDENTITY[sdk=iphoneos*]" = "iPhone Developer";
				COPY_PHASE_STRIP = NO;
				ENABLE_STRICT_OBJC_MSGSEND = YES;
				GCC_C_LANGUAGE_STANDARD = gnu99;
				GCC_DYNAMIC_NO_PIC = NO;
				GCC_OPTIMIZATION_LEVEL = 0;
				GCC_PREPROCESSOR_DEFINITIONS = (
					"DEBUG=1",
					"$(inherited)",
				);
				GCC_SYMBOLS_PRIVATE_EXTERN = NO;
				GCC_WARN_64_TO_32_BIT_CONVERSION = YES;
				GCC_WARN_ABOUT_RETURN_TYPE = YES_ERROR;
				GCC_WARN_UNDECLARED_SELECTOR = YES;
				GCC_WARN_UNINITIALIZED_AUTOS = YES_AGGRESSIVE;
				GCC_WARN_UNUSED_FUNCTION = YES;
				GCC_WARN_UNUSED_VARIABLE = YES;
				HEADER_SEARCH_PATHS = (
					"$(PROJECT_DIR)/Vendor/**",
					"$(inherited)",
					/Applications/Xcode.app/Contents/Developer/Toolchains/XcodeDefault.xctoolchain/usr/include,
				);
				IPHONEOS_DEPLOYMENT_TARGET = 8.2;
				MTL_ENABLE_DEBUG_INFO = YES;
				ONLY_ACTIVE_ARCH = YES;
				SDKROOT = iphoneos;
				SWIFT_OPTIMIZATION_LEVEL = "-Onone";
				TARGETED_DEVICE_FAMILY = "1,2";
			};
			name = Debug;
		};
		A80D19E01A11CEDA0067A055 /* Release */ = {
			isa = XCBuildConfiguration;
			baseConfigurationReference = A823DF381AA8874E0061A264 /* graphPON.xcconfig */;
			buildSettings = {
				ALWAYS_SEARCH_USER_PATHS = NO;
				CLANG_CXX_LANGUAGE_STANDARD = "gnu++0x";
				CLANG_CXX_LIBRARY = "libc++";
				CLANG_ENABLE_MODULES = YES;
				CLANG_ENABLE_OBJC_ARC = YES;
				CLANG_WARN_BOOL_CONVERSION = YES;
				CLANG_WARN_CONSTANT_CONVERSION = YES;
				CLANG_WARN_DIRECT_OBJC_ISA_USAGE = YES_ERROR;
				CLANG_WARN_EMPTY_BODY = YES;
				CLANG_WARN_ENUM_CONVERSION = YES;
				CLANG_WARN_INT_CONVERSION = YES;
				CLANG_WARN_OBJC_ROOT_CLASS = YES_ERROR;
				CLANG_WARN_UNREACHABLE_CODE = YES;
				CLANG_WARN__DUPLICATE_METHOD_MATCH = YES;
				"CODE_SIGN_IDENTITY[sdk=iphoneos*]" = "iPhone Developer";
				COPY_PHASE_STRIP = YES;
				ENABLE_NS_ASSERTIONS = NO;
				ENABLE_STRICT_OBJC_MSGSEND = YES;
				GCC_C_LANGUAGE_STANDARD = gnu99;
				GCC_WARN_64_TO_32_BIT_CONVERSION = YES;
				GCC_WARN_ABOUT_RETURN_TYPE = YES_ERROR;
				GCC_WARN_UNDECLARED_SELECTOR = YES;
				GCC_WARN_UNINITIALIZED_AUTOS = YES_AGGRESSIVE;
				GCC_WARN_UNUSED_FUNCTION = YES;
				GCC_WARN_UNUSED_VARIABLE = YES;
				HEADER_SEARCH_PATHS = (
					"$(PROJECT_DIR)/Vendor/**",
					"$(inherited)",
					/Applications/Xcode.app/Contents/Developer/Toolchains/XcodeDefault.xctoolchain/usr/include,
				);
				IPHONEOS_DEPLOYMENT_TARGET = 8.2;
				MTL_ENABLE_DEBUG_INFO = NO;
				SDKROOT = iphoneos;
				TARGETED_DEVICE_FAMILY = "1,2";
				VALIDATE_PRODUCT = YES;
			};
			name = Release;
		};
		A80D19E21A11CEDA0067A055 /* Debug */ = {
			isa = XCBuildConfiguration;
			buildSettings = {
				ASSETCATALOG_COMPILER_APPICON_NAME = AppIcon;
				CODE_SIGN_ENTITLEMENTS = "graphPON iOS/graphPON.entitlements";
				CODE_SIGN_IDENTITY = "iPhone Developer";
				"CODE_SIGN_IDENTITY[sdk=iphoneos*]" = "iPhone Developer";
				EMBEDDED_CONTENT_CONTAINS_SWIFT = YES;
				FRAMEWORK_SEARCH_PATHS = (
					"$(inherited)",
					"$(PROJECT_DIR)",
					"$(PROJECT_DIR)/Carthage/Build/iOS",
				);
				INFOPLIST_FILE = "graphPON iOS/Info.plist";
				IPHONEOS_DEPLOYMENT_TARGET = 8.2;
				LD_RUNPATH_SEARCH_PATHS = "$(inherited) @executable_path/Frameworks";
				PRODUCT_NAME = "$(TARGET_NAME)";
				PROVISIONING_PROFILE = "";
			};
			name = Debug;
		};
		A80D19E31A11CEDA0067A055 /* Release */ = {
			isa = XCBuildConfiguration;
			buildSettings = {
				ASSETCATALOG_COMPILER_APPICON_NAME = AppIcon;
				CODE_SIGN_ENTITLEMENTS = "graphPON iOS/graphPON.entitlements";
				CODE_SIGN_IDENTITY = "iPhone Distribution";
				"CODE_SIGN_IDENTITY[sdk=iphoneos*]" = "iPhone Distribution";
				COPY_PHASE_STRIP = NO;
				EMBEDDED_CONTENT_CONTAINS_SWIFT = YES;
				FRAMEWORK_SEARCH_PATHS = (
					"$(inherited)",
					"$(PROJECT_DIR)",
					"$(PROJECT_DIR)/Carthage/Build/iOS",
				);
				INFOPLIST_FILE = "graphPON iOS/Info.plist";
				IPHONEOS_DEPLOYMENT_TARGET = 8.2;
				LD_RUNPATH_SEARCH_PATHS = "$(inherited) @executable_path/Frameworks";
				PRODUCT_NAME = "$(TARGET_NAME)";
				PROVISIONING_PROFILE = "";
			};
			name = Release;
		};
		A80D19E51A11CEDA0067A055 /* Debug */ = {
			isa = XCBuildConfiguration;
			baseConfigurationReference = A856C4F81AA8897E007735C0 /* Test.xcconfig */;
			buildSettings = {
				BUNDLE_LOADER = "$(TEST_HOST)";
				CLANG_ENABLE_MODULES = YES;
				FRAMEWORK_SEARCH_PATHS = (
					"$(SDKROOT)/Developer/Library/Frameworks",
					"$(inherited)",
					"$(PROJECT_DIR)/Carthage/Build/iOS",
				);
				GCC_PREPROCESSOR_DEFINITIONS = (
					"DEBUG=1",
					"$(inherited)",
				);
				INFOPLIST_FILE = "graphPON iOS Tests/Info.plist";
				LD_RUNPATH_SEARCH_PATHS = "$(inherited) @executable_path/Frameworks @loader_path/Frameworks";
				OTHER_SWIFT_FLAGS = "";
				PRODUCT_NAME = "$(TARGET_NAME)";
				SWIFT_OPTIMIZATION_LEVEL = "-Onone";
				TEST_HOST = "$(BUILT_PRODUCTS_DIR)/graphPON.app/graphPON";
			};
			name = Debug;
		};
		A80D19E61A11CEDA0067A055 /* Release */ = {
			isa = XCBuildConfiguration;
			baseConfigurationReference = A856C4F81AA8897E007735C0 /* Test.xcconfig */;
			buildSettings = {
				BUNDLE_LOADER = "$(TEST_HOST)";
				CLANG_ENABLE_MODULES = YES;
				FRAMEWORK_SEARCH_PATHS = (
					"$(SDKROOT)/Developer/Library/Frameworks",
					"$(inherited)",
					"$(PROJECT_DIR)/Carthage/Build/iOS",
				);
				INFOPLIST_FILE = "graphPON iOS Tests/Info.plist";
				LD_RUNPATH_SEARCH_PATHS = "$(inherited) @executable_path/Frameworks @loader_path/Frameworks";
				PRODUCT_NAME = "$(TARGET_NAME)";
				TEST_HOST = "$(BUILT_PRODUCTS_DIR)/graphPON.app/graphPON";
			};
			name = Release;
		};
		A8AC386D1ADE3111009F018F /* Debug */ = {
			isa = XCBuildConfiguration;
			buildSettings = {
				APPLICATION_EXTENSION_API_ONLY = YES;
				CLANG_ENABLE_MODULES = YES;
				CODE_SIGN_IDENTITY = "iPhone Developer";
				"CODE_SIGN_IDENTITY[sdk=iphoneos*]" = "iPhone Developer";
				CURRENT_PROJECT_VERSION = 1;
				DEBUG_INFORMATION_FORMAT = "dwarf-with-dsym";
				DEFINES_MODULE = YES;
				DYLIB_COMPATIBILITY_VERSION = 1;
				DYLIB_CURRENT_VERSION = 1;
				DYLIB_INSTALL_NAME_BASE = "@rpath";
				FRAMEWORK_SEARCH_PATHS = (
					"$(inherited)",
					"$(PROJECT_DIR)/Carthage/Build/iOS",
				);
				GCC_NO_COMMON_BLOCKS = YES;
				GCC_PREPROCESSOR_DEFINITIONS = (
					"DEBUG=1",
					"$(inherited)",
				);
				INFOPLIST_FILE = GraphPonDataKit/Info.plist;
				INSTALL_PATH = "$(LOCAL_LIBRARY_DIR)/Frameworks";
				IPHONEOS_DEPLOYMENT_TARGET = 8.2;
				LD_RUNPATH_SEARCH_PATHS = "$(inherited) @executable_path/Frameworks @loader_path/Frameworks";
				PRODUCT_NAME = "$(TARGET_NAME)";
				SKIP_INSTALL = YES;
				SWIFT_OPTIMIZATION_LEVEL = "-Onone";
				VERSIONING_SYSTEM = "apple-generic";
				VERSION_INFO_PREFIX = "";
			};
			name = Debug;
		};
		A8AC386E1ADE3111009F018F /* Release */ = {
			isa = XCBuildConfiguration;
			buildSettings = {
				APPLICATION_EXTENSION_API_ONLY = YES;
				CLANG_ENABLE_MODULES = YES;
				CODE_SIGN_IDENTITY = "iPhone Distribution";
				"CODE_SIGN_IDENTITY[sdk=iphoneos*]" = "iPhone Distribution";
				COPY_PHASE_STRIP = NO;
				CURRENT_PROJECT_VERSION = 1;
				DEBUG_INFORMATION_FORMAT = "dwarf-with-dsym";
				DEFINES_MODULE = YES;
				DYLIB_COMPATIBILITY_VERSION = 1;
				DYLIB_CURRENT_VERSION = 1;
				DYLIB_INSTALL_NAME_BASE = "@rpath";
				FRAMEWORK_SEARCH_PATHS = (
					"$(inherited)",
					"$(PROJECT_DIR)/Carthage/Build/iOS",
				);
				GCC_NO_COMMON_BLOCKS = YES;
				INFOPLIST_FILE = GraphPonDataKit/Info.plist;
				INSTALL_PATH = "$(LOCAL_LIBRARY_DIR)/Frameworks";
				IPHONEOS_DEPLOYMENT_TARGET = 8.2;
				LD_RUNPATH_SEARCH_PATHS = "$(inherited) @executable_path/Frameworks @loader_path/Frameworks";
				PRODUCT_NAME = "$(TARGET_NAME)";
				SKIP_INSTALL = YES;
				VERSIONING_SYSTEM = "apple-generic";
				VERSION_INFO_PREFIX = "";
			};
			name = Release;
		};
		A8AC38701ADE3111009F018F /* Debug */ = {
			isa = XCBuildConfiguration;
			baseConfigurationReference = A856C4F81AA8897E007735C0 /* Test.xcconfig */;
			buildSettings = {
				CLANG_ENABLE_MODULES = YES;
				DEBUG_INFORMATION_FORMAT = "dwarf-with-dsym";
				FRAMEWORK_SEARCH_PATHS = (
					"$(SDKROOT)/Developer/Library/Frameworks",
					"$(inherited)",
					"$(PROJECT_DIR)/Carthage/Build/iOS",
				);
				GCC_NO_COMMON_BLOCKS = YES;
				GCC_PREPROCESSOR_DEFINITIONS = (
					"DEBUG=1",
					"$(inherited)",
				);
				INFOPLIST_FILE = "GraphPonDataKit Tests/Info.plist";
				IPHONEOS_DEPLOYMENT_TARGET = 8.3;
				LD_RUNPATH_SEARCH_PATHS = "$(inherited) @executable_path/Frameworks @loader_path/Frameworks";
				PRODUCT_NAME = "$(TARGET_NAME)";
				SWIFT_OPTIMIZATION_LEVEL = "-Onone";
				TEST_HOST = "$(BUILT_PRODUCTS_DIR)/graphPON.app/graphPON";
			};
			name = Debug;
		};
		A8AC38711ADE3111009F018F /* Release */ = {
			isa = XCBuildConfiguration;
			baseConfigurationReference = A856C4F81AA8897E007735C0 /* Test.xcconfig */;
			buildSettings = {
				CLANG_ENABLE_MODULES = YES;
				COPY_PHASE_STRIP = NO;
				DEBUG_INFORMATION_FORMAT = "dwarf-with-dsym";
				FRAMEWORK_SEARCH_PATHS = (
					"$(SDKROOT)/Developer/Library/Frameworks",
					"$(inherited)",
					"$(PROJECT_DIR)/Carthage/Build/iOS",
				);
				GCC_NO_COMMON_BLOCKS = YES;
				INFOPLIST_FILE = "GraphPonDataKit Tests/Info.plist";
				IPHONEOS_DEPLOYMENT_TARGET = 8.3;
				LD_RUNPATH_SEARCH_PATHS = "$(inherited) @executable_path/Frameworks @loader_path/Frameworks";
				PRODUCT_NAME = "$(TARGET_NAME)";
				TEST_HOST = "$(BUILT_PRODUCTS_DIR)/graphPON.app/graphPON";
			};
			name = Release;
		};
/* End XCBuildConfiguration section */

/* Begin XCConfigurationList section */
		A80592771ADD20EE0057840B /* Build configuration list for PBXNativeTarget "graphPON WatchKit App" */ = {
			isa = XCConfigurationList;
			buildConfigurations = (
				A80592781ADD20EE0057840B /* Debug */,
				A80592791ADD20EE0057840B /* Release */,
			);
			defaultConfigurationIsVisible = 0;
			defaultConfigurationName = Release;
		};
		A805927A1ADD20EE0057840B /* Build configuration list for PBXNativeTarget "graphPON WatchKit Extension" */ = {
			isa = XCConfigurationList;
			buildConfigurations = (
				A805927B1ADD20EE0057840B /* Debug */,
				A805927C1ADD20EE0057840B /* Release */,
			);
			defaultConfigurationIsVisible = 0;
			defaultConfigurationName = Release;
		};
		A80D19BB1A11CEDA0067A055 /* Build configuration list for PBXProject "graphPON" */ = {
			isa = XCConfigurationList;
			buildConfigurations = (
				A80D19DF1A11CEDA0067A055 /* Debug */,
				A80D19E01A11CEDA0067A055 /* Release */,
			);
			defaultConfigurationIsVisible = 0;
			defaultConfigurationName = Release;
		};
		A80D19E11A11CEDA0067A055 /* Build configuration list for PBXNativeTarget "graphPON" */ = {
			isa = XCConfigurationList;
			buildConfigurations = (
				A80D19E21A11CEDA0067A055 /* Debug */,
				A80D19E31A11CEDA0067A055 /* Release */,
			);
			defaultConfigurationIsVisible = 0;
			defaultConfigurationName = Release;
		};
		A80D19E41A11CEDA0067A055 /* Build configuration list for PBXNativeTarget "graphPONTests" */ = {
			isa = XCConfigurationList;
			buildConfigurations = (
				A80D19E51A11CEDA0067A055 /* Debug */,
				A80D19E61A11CEDA0067A055 /* Release */,
			);
			defaultConfigurationIsVisible = 0;
			defaultConfigurationName = Release;
		};
		A8AC386C1ADE3111009F018F /* Build configuration list for PBXNativeTarget "GraphPONDataKit" */ = {
			isa = XCConfigurationList;
			buildConfigurations = (
				A8AC386D1ADE3111009F018F /* Debug */,
				A8AC386E1ADE3111009F018F /* Release */,
			);
			defaultConfigurationIsVisible = 0;
			defaultConfigurationName = Release;
		};
		A8AC386F1ADE3111009F018F /* Build configuration list for PBXNativeTarget "GraphPONDataKitTests" */ = {
			isa = XCConfigurationList;
			buildConfigurations = (
				A8AC38701ADE3111009F018F /* Debug */,
				A8AC38711ADE3111009F018F /* Release */,
			);
			defaultConfigurationIsVisible = 0;
			defaultConfigurationName = Release;
		};
/* End XCConfigurationList section */
	};
	rootObject = A80D19B81A11CEDA0067A055 /* Project object */;
}
